// !$*UTF8*$!
{
	archiveVersion = 1;
	classes = {
	};
	objectVersion = 46;
	objects = {

/* Begin PBXAggregateTarget section */
		83437B8417DEFF7100518141 /* Framework */ = {
			isa = PBXAggregateTarget;
			buildConfigurationList = 83437B8517DEFF7100518141 /* Build configuration list for PBXAggregateTarget "Framework" */;
			buildPhases = (
				83437B8A17DEFFD300518141 /* build_framework.sh */,
			);
			dependencies = (
				83437B8917DEFF9400518141 /* PBXTargetDependency */,
			);
			name = Framework;
			productName = Framework;
		};
/* End PBXAggregateTarget section */

/* Begin PBXBuildFile section */
		830AA5231831B97A00608E3A /* DXRDynamicsXrayWindow.h in Headers */ = {isa = PBXBuildFile; fileRef = 830AA5211831B97A00608E3A /* DXRDynamicsXrayWindow.h */; };
		830AA5241831B97A00608E3A /* DXRDynamicsXrayWindow.m in Sources */ = {isa = PBXBuildFile; fileRef = 830AA5221831B97A00608E3A /* DXRDynamicsXrayWindow.m */; };
		8317A74C180E8F6300F4B954 /* DXRDynamicsXrayConfigurationViewController.h in Headers */ = {isa = PBXBuildFile; fileRef = 8317A74A180E8F6300F4B954 /* DXRDynamicsXrayConfigurationViewController.h */; };
		8317A74D180E8F6300F4B954 /* DXRDynamicsXrayConfigurationViewController.m in Sources */ = {isa = PBXBuildFile; fileRef = 8317A74B180E8F6300F4B954 /* DXRDynamicsXrayConfigurationViewController.m */; };
		8317A754180E95CB00F4B954 /* DXRDynamicsXrayConfigurationViewController+Private.h in Headers */ = {isa = PBXBuildFile; fileRef = 8317A752180E95CB00F4B954 /* DXRDynamicsXrayConfigurationViewController+Private.h */; };
		8317A759180EA89800F4B954 /* DXRDynamicsXrayViewController.h in Headers */ = {isa = PBXBuildFile; fileRef = 8317A757180EA89800F4B954 /* DXRDynamicsXrayViewController.h */; };
		8317A75A180EA89800F4B954 /* DXRDynamicsXrayViewController.m in Sources */ = {isa = PBXBuildFile; fileRef = 8317A758180EA89800F4B954 /* DXRDynamicsXrayViewController.m */; };
		83437B9417E0010E00518141 /* DXRDynamicsXrayBehaviorBoundaryCollision.h in Headers */ = {isa = PBXBuildFile; fileRef = 83437B9217E0010E00518141 /* DXRDynamicsXrayBehaviorBoundaryCollision.h */; };
		83437B9517E0010E00518141 /* DXRDynamicsXrayBehaviorBoundaryCollision.m in Sources */ = {isa = PBXBuildFile; fileRef = 83437B9317E0010E00518141 /* DXRDynamicsXrayBehaviorBoundaryCollision.m */; };
		83584D0F17FC201600F09FF1 /* NSObject+CMObjectIntrospection.h in Headers */ = {isa = PBXBuildFile; fileRef = 83584D0D17FC201600F09FF1 /* NSObject+CMObjectIntrospection.h */; };
		83584D1017FC201600F09FF1 /* NSObject+CMObjectIntrospection.m in Sources */ = {isa = PBXBuildFile; fileRef = 83584D0E17FC201600F09FF1 /* NSObject+CMObjectIntrospection.m */; };
		83849DBA17AE022300D6DD3C /* Foundation.framework in Frameworks */ = {isa = PBXBuildFile; fileRef = 83849DB917AE022300D6DD3C /* Foundation.framework */; };
		83849DBF17AE022300D6DD3C /* DynamicsXray.h in CopyFiles */ = {isa = PBXBuildFile; fileRef = 83849DBE17AE022300D6DD3C /* DynamicsXray.h */; };
		83849DC117AE022300D6DD3C /* DynamicsXray.m in Sources */ = {isa = PBXBuildFile; fileRef = 83849DC017AE022300D6DD3C /* DynamicsXray.m */; };
		83849DC817AE022300D6DD3C /* XCTest.framework in Frameworks */ = {isa = PBXBuildFile; fileRef = 83849DC717AE022300D6DD3C /* XCTest.framework */; };
		83849DC917AE022300D6DD3C /* Foundation.framework in Frameworks */ = {isa = PBXBuildFile; fileRef = 83849DB917AE022300D6DD3C /* Foundation.framework */; };
		83849DCB17AE022300D6DD3C /* UIKit.framework in Frameworks */ = {isa = PBXBuildFile; fileRef = 83849DCA17AE022300D6DD3C /* UIKit.framework */; };
		83849DCE17AE022300D6DD3C /* libDynamicsXray.a in Frameworks */ = {isa = PBXBuildFile; fileRef = 83849DB617AE022300D6DD3C /* libDynamicsXray.a */; };
		83849DD417AE022300D6DD3C /* InfoPlist.strings in Resources */ = {isa = PBXBuildFile; fileRef = 83849DD217AE022300D6DD3C /* InfoPlist.strings */; };
		83849DD617AE022300D6DD3C /* DynamicsXrayTests.m in Sources */ = {isa = PBXBuildFile; fileRef = 83849DD517AE022300D6DD3C /* DynamicsXrayTests.m */; };
		83849DE117AE02DB00D6DD3C /* DXRDynamicsXrayView.m in Sources */ = {isa = PBXBuildFile; fileRef = 83849DE017AE02DB00D6DD3C /* DXRDynamicsXrayView.m */; };
		83849DE717AE069400D6DD3C /* DynamicsXray.h in Headers */ = {isa = PBXBuildFile; fileRef = 83849DBE17AE022300D6DD3C /* DynamicsXray.h */; settings = {ATTRIBUTES = (Public, ); }; };
		83849DEC17AE103D00D6DD3C /* DXRDynamicsXrayBehavior.h in Headers */ = {isa = PBXBuildFile; fileRef = 83849DEA17AE103D00D6DD3C /* DXRDynamicsXrayBehavior.h */; };
		83849DED17AE103D00D6DD3C /* DXRDynamicsXrayBehavior.m in Sources */ = {isa = PBXBuildFile; fileRef = 83849DEB17AE103D00D6DD3C /* DXRDynamicsXrayBehavior.m */; };
		83849DF117AE105B00D6DD3C /* DXRDynamicsXrayBehaviorAttachment.h in Headers */ = {isa = PBXBuildFile; fileRef = 83849DEF17AE105B00D6DD3C /* DXRDynamicsXrayBehaviorAttachment.h */; };
		83849DF217AE105B00D6DD3C /* DXRDynamicsXrayBehaviorAttachment.m in Sources */ = {isa = PBXBuildFile; fileRef = 83849DF017AE105B00D6DD3C /* DXRDynamicsXrayBehaviorAttachment.m */; };
		83849DF517AE242A00D6DD3C /* DXRDynamicsXrayUtil.h in Headers */ = {isa = PBXBuildFile; fileRef = 83849DF317AE242A00D6DD3C /* DXRDynamicsXrayUtil.h */; };
		83849DF617AE242A00D6DD3C /* DXRDynamicsXRayUtil.m in Sources */ = {isa = PBXBuildFile; fileRef = 83849DF417AE242A00D6DD3C /* DXRDynamicsXRayUtil.m */; };
		8392287C181885070047F7C4 /* DXRDynamicsXrayConfigurationViewController+Controls.h in Headers */ = {isa = PBXBuildFile; fileRef = 8392287A181885070047F7C4 /* DXRDynamicsXrayConfigurationViewController+Controls.h */; };
		8392287D181885070047F7C4 /* DXRDynamicsXrayConfigurationViewController+Controls.m in Sources */ = {isa = PBXBuildFile; fileRef = 8392287B181885070047F7C4 /* DXRDynamicsXrayConfigurationViewController+Controls.m */; };
		83A68DCE182B5B9600F21AC1 /* DXRDynamicsXrayItemSnapshot.h in Headers */ = {isa = PBXBuildFile; fileRef = 83A68DCC182B5B9600F21AC1 /* DXRDynamicsXrayItemSnapshot.h */; };
		83A68DCF182B5B9600F21AC1 /* DXRDynamicsXrayItemSnapshot.m in Sources */ = {isa = PBXBuildFile; fileRef = 83A68DCD182B5B9600F21AC1 /* DXRDynamicsXrayItemSnapshot.m */; };
		83A68DD3182B5D6300F21AC1 /* DXRDynamicsXrayItemSnapshot+DXRDrawing.h in Headers */ = {isa = PBXBuildFile; fileRef = 83A68DD1182B5D6300F21AC1 /* DXRDynamicsXrayItemSnapshot+DXRDrawing.h */; };
		83A68DD4182B5D6300F21AC1 /* DXRDynamicsXrayItemSnapshot+DXRDrawing.m in Sources */ = {isa = PBXBuildFile; fileRef = 83A68DD2182B5D6300F21AC1 /* DXRDynamicsXrayItemSnapshot+DXRDrawing.m */; };
		83B61354180BBD4C0006BBA3 /* DXRDynamicsXrayBehaviorGravity.h in Headers */ = {isa = PBXBuildFile; fileRef = 83B61352180BBD4C0006BBA3 /* DXRDynamicsXrayBehaviorGravity.h */; };
		83B61355180BBD4C0006BBA3 /* DXRDynamicsXrayBehaviorGravity.m in Sources */ = {isa = PBXBuildFile; fileRef = 83B61353180BBD4C0006BBA3 /* DXRDynamicsXrayBehaviorGravity.m */; };
		83B61358180BBDC10006BBA3 /* DXRDynamicsXrayBehaviorGravity+DXRDrawing.h in Headers */ = {isa = PBXBuildFile; fileRef = 83B61356180BBDC10006BBA3 /* DXRDynamicsXrayBehaviorGravity+DXRDrawing.h */; };
		83B61359180BBDC10006BBA3 /* DXRDynamicsXrayBehaviorGravity+DXRDrawing.m in Sources */ = {isa = PBXBuildFile; fileRef = 83B61357180BBDC10006BBA3 /* DXRDynamicsXrayBehaviorGravity+DXRDrawing.m */; };
		83B6135C180BCC2A0006BBA3 /* DXRDynamicsXrayWindowController.h in Headers */ = {isa = PBXBuildFile; fileRef = 83B6135A180BCC2A0006BBA3 /* DXRDynamicsXrayWindowController.h */; };
		83B6135D180BCC2A0006BBA3 /* DXRDynamicsXrayWindowController.m in Sources */ = {isa = PBXBuildFile; fileRef = 83B6135B180BCC2A0006BBA3 /* DXRDynamicsXrayWindowController.m */; };
		83FA2B2717FC290E0022DEAB /* DXRDynamicsXrayBehaviorAttachment+DXRDrawing.h in Headers */ = {isa = PBXBuildFile; fileRef = 83FA2B2517FC290E0022DEAB /* DXRDynamicsXrayBehaviorAttachment+DXRDrawing.h */; };
		83FA2B2817FC290E0022DEAB /* DXRDynamicsXrayBehaviorAttachment+DXRDrawing.m in Sources */ = {isa = PBXBuildFile; fileRef = 83FA2B2617FC290E0022DEAB /* DXRDynamicsXrayBehaviorAttachment+DXRDrawing.m */; };
		83FA2B2D17FC2CD60022DEAB /* DXRDynamicsXrayBehaviorBoundaryCollision+DXRDrawing.h in Headers */ = {isa = PBXBuildFile; fileRef = 83FA2B2B17FC2CD60022DEAB /* DXRDynamicsXrayBehaviorBoundaryCollision+DXRDrawing.h */; };
		83FA2B2E17FC2CD60022DEAB /* DXRDynamicsXrayBehaviorBoundaryCollision+DXRDrawing.m in Sources */ = {isa = PBXBuildFile; fileRef = 83FA2B2C17FC2CD60022DEAB /* DXRDynamicsXrayBehaviorBoundaryCollision+DXRDrawing.m */; };
/* End PBXBuildFile section */

/* Begin PBXContainerItemProxy section */
		83437B8817DEFF9400518141 /* PBXContainerItemProxy */ = {
			isa = PBXContainerItemProxy;
			containerPortal = 83849DAE17AE022300D6DD3C /* Project object */;
			proxyType = 1;
			remoteGlobalIDString = 83849DB517AE022300D6DD3C;
			remoteInfo = DynamicsXRay;
		};
		83849DCC17AE022300D6DD3C /* PBXContainerItemProxy */ = {
			isa = PBXContainerItemProxy;
			containerPortal = 83849DAE17AE022300D6DD3C /* Project object */;
			proxyType = 1;
			remoteGlobalIDString = 83849DB517AE022300D6DD3C;
			remoteInfo = DynamicsXRay;
		};
/* End PBXContainerItemProxy section */

/* Begin PBXCopyFilesBuildPhase section */
		83849DB417AE022300D6DD3C /* CopyFiles */ = {
			isa = PBXCopyFilesBuildPhase;
			buildActionMask = 2147483647;
			dstPath = "include/$(PRODUCT_NAME)";
			dstSubfolderSpec = 16;
			files = (
				83849DBF17AE022300D6DD3C /* DynamicsXray.h in CopyFiles */,
			);
			runOnlyForDeploymentPostprocessing = 0;
		};
/* End PBXCopyFilesBuildPhase section */

/* Begin PBXFileReference section */
		830AA5211831B97A00608E3A /* DXRDynamicsXrayWindow.h */ = {isa = PBXFileReference; fileEncoding = 4; lastKnownFileType = sourcecode.c.h; path = DXRDynamicsXrayWindow.h; sourceTree = "<group>"; };
		830AA5221831B97A00608E3A /* DXRDynamicsXrayWindow.m */ = {isa = PBXFileReference; fileEncoding = 4; lastKnownFileType = sourcecode.c.objc; path = DXRDynamicsXrayWindow.m; sourceTree = "<group>"; };
		830AA5291831C8C800608E3A /* DynamicsXRay_Internal.h */ = {isa = PBXFileReference; lastKnownFileType = sourcecode.c.h; path = DynamicsXRay_Internal.h; sourceTree = "<group>"; };
		8317A74A180E8F6300F4B954 /* DXRDynamicsXrayConfigurationViewController.h */ = {isa = PBXFileReference; fileEncoding = 4; lastKnownFileType = sourcecode.c.h; path = DXRDynamicsXrayConfigurationViewController.h; sourceTree = "<group>"; };
		8317A74B180E8F6300F4B954 /* DXRDynamicsXrayConfigurationViewController.m */ = {isa = PBXFileReference; fileEncoding = 4; lastKnownFileType = sourcecode.c.objc; path = DXRDynamicsXrayConfigurationViewController.m; sourceTree = "<group>"; };
		8317A752180E95CB00F4B954 /* DXRDynamicsXrayConfigurationViewController+Private.h */ = {isa = PBXFileReference; fileEncoding = 4; lastKnownFileType = sourcecode.c.h; path = "DXRDynamicsXrayConfigurationViewController+Private.h"; sourceTree = "<group>"; };
		8317A757180EA89800F4B954 /* DXRDynamicsXrayViewController.h */ = {isa = PBXFileReference; fileEncoding = 4; lastKnownFileType = sourcecode.c.h; path = DXRDynamicsXrayViewController.h; sourceTree = "<group>"; };
		8317A758180EA89800F4B954 /* DXRDynamicsXrayViewController.m */ = {isa = PBXFileReference; fileEncoding = 4; lastKnownFileType = sourcecode.c.objc; path = DXRDynamicsXrayViewController.m; sourceTree = "<group>"; };
		83437B9217E0010E00518141 /* DXRDynamicsXrayBehaviorBoundaryCollision.h */ = {isa = PBXFileReference; fileEncoding = 4; lastKnownFileType = sourcecode.c.h; path = DXRDynamicsXrayBehaviorBoundaryCollision.h; sourceTree = "<group>"; };
		83437B9317E0010E00518141 /* DXRDynamicsXrayBehaviorBoundaryCollision.m */ = {isa = PBXFileReference; fileEncoding = 4; lastKnownFileType = sourcecode.c.objc; path = DXRDynamicsXrayBehaviorBoundaryCollision.m; sourceTree = "<group>"; };
		83584D0D17FC201600F09FF1 /* NSObject+CMObjectIntrospection.h */ = {isa = PBXFileReference; fileEncoding = 4; lastKnownFileType = sourcecode.c.h; path = "NSObject+CMObjectIntrospection.h"; sourceTree = "<group>"; };
		83584D0E17FC201600F09FF1 /* NSObject+CMObjectIntrospection.m */ = {isa = PBXFileReference; fileEncoding = 4; lastKnownFileType = sourcecode.c.objc; path = "NSObject+CMObjectIntrospection.m"; sourceTree = "<group>"; };
		83849DB617AE022300D6DD3C /* libDynamicsXray.a */ = {isa = PBXFileReference; explicitFileType = archive.ar; includeInIndex = 0; path = libDynamicsXray.a; sourceTree = BUILT_PRODUCTS_DIR; };
		83849DB917AE022300D6DD3C /* Foundation.framework */ = {isa = PBXFileReference; lastKnownFileType = wrapper.framework; name = Foundation.framework; path = System/Library/Frameworks/Foundation.framework; sourceTree = SDKROOT; };
		83849DBD17AE022300D6DD3C /* DynamicsXRay-Prefix.pch */ = {isa = PBXFileReference; lastKnownFileType = sourcecode.c.h; path = "DynamicsXRay-Prefix.pch"; sourceTree = "<group>"; };
		83849DBE17AE022300D6DD3C /* DynamicsXray.h */ = {isa = PBXFileReference; lastKnownFileType = sourcecode.c.h; path = DynamicsXray.h; sourceTree = "<group>"; };
		83849DC017AE022300D6DD3C /* DynamicsXray.m */ = {isa = PBXFileReference; lastKnownFileType = sourcecode.c.objc; path = DynamicsXray.m; sourceTree = "<group>"; };
		83849DC617AE022300D6DD3C /* DynamicsXrayTests.xctest */ = {isa = PBXFileReference; explicitFileType = wrapper.cfbundle; includeInIndex = 0; path = DynamicsXrayTests.xctest; sourceTree = BUILT_PRODUCTS_DIR; };
		83849DC717AE022300D6DD3C /* XCTest.framework */ = {isa = PBXFileReference; lastKnownFileType = wrapper.framework; name = XCTest.framework; path = Library/Frameworks/XCTest.framework; sourceTree = DEVELOPER_DIR; };
		83849DCA17AE022300D6DD3C /* UIKit.framework */ = {isa = PBXFileReference; lastKnownFileType = wrapper.framework; name = UIKit.framework; path = Library/Frameworks/UIKit.framework; sourceTree = DEVELOPER_DIR; };
		83849DD117AE022300D6DD3C /* DynamicsXRayTests-Info.plist */ = {isa = PBXFileReference; lastKnownFileType = text.plist.xml; path = "DynamicsXRayTests-Info.plist"; sourceTree = "<group>"; };
		83849DD317AE022300D6DD3C /* en */ = {isa = PBXFileReference; lastKnownFileType = text.plist.strings; name = en; path = en.lproj/InfoPlist.strings; sourceTree = "<group>"; };
		83849DD517AE022300D6DD3C /* DynamicsXrayTests.m */ = {isa = PBXFileReference; lastKnownFileType = sourcecode.c.objc; path = DynamicsXrayTests.m; sourceTree = "<group>"; };
		83849DDF17AE02DB00D6DD3C /* DXRDynamicsXrayView.h */ = {isa = PBXFileReference; fileEncoding = 4; lastKnownFileType = sourcecode.c.h; path = DXRDynamicsXrayView.h; sourceTree = "<group>"; };
		83849DE017AE02DB00D6DD3C /* DXRDynamicsXrayView.m */ = {isa = PBXFileReference; fileEncoding = 4; lastKnownFileType = sourcecode.c.objc; path = DXRDynamicsXrayView.m; sourceTree = "<group>"; };
		83849DEA17AE103D00D6DD3C /* DXRDynamicsXrayBehavior.h */ = {isa = PBXFileReference; fileEncoding = 4; lastKnownFileType = sourcecode.c.h; path = DXRDynamicsXrayBehavior.h; sourceTree = "<group>"; };
		83849DEB17AE103D00D6DD3C /* DXRDynamicsXrayBehavior.m */ = {isa = PBXFileReference; fileEncoding = 4; lastKnownFileType = sourcecode.c.objc; path = DXRDynamicsXrayBehavior.m; sourceTree = "<group>"; };
		83849DEF17AE105B00D6DD3C /* DXRDynamicsXrayBehaviorAttachment.h */ = {isa = PBXFileReference; fileEncoding = 4; lastKnownFileType = sourcecode.c.h; path = DXRDynamicsXrayBehaviorAttachment.h; sourceTree = "<group>"; };
		83849DF017AE105B00D6DD3C /* DXRDynamicsXrayBehaviorAttachment.m */ = {isa = PBXFileReference; fileEncoding = 4; lastKnownFileType = sourcecode.c.objc; path = DXRDynamicsXrayBehaviorAttachment.m; sourceTree = "<group>"; };
		83849DF317AE242A00D6DD3C /* DXRDynamicsXrayUtil.h */ = {isa = PBXFileReference; fileEncoding = 4; lastKnownFileType = sourcecode.c.h; path = DXRDynamicsXrayUtil.h; sourceTree = "<group>"; };
		83849DF417AE242A00D6DD3C /* DXRDynamicsXRayUtil.m */ = {isa = PBXFileReference; fileEncoding = 4; lastKnownFileType = sourcecode.c.objc; path = DXRDynamicsXRayUtil.m; sourceTree = "<group>"; };
		8392287A181885070047F7C4 /* DXRDynamicsXrayConfigurationViewController+Controls.h */ = {isa = PBXFileReference; fileEncoding = 4; lastKnownFileType = sourcecode.c.h; path = "DXRDynamicsXrayConfigurationViewController+Controls.h"; sourceTree = "<group>"; };
		8392287B181885070047F7C4 /* DXRDynamicsXrayConfigurationViewController+Controls.m */ = {isa = PBXFileReference; fileEncoding = 4; lastKnownFileType = sourcecode.c.objc; path = "DXRDynamicsXrayConfigurationViewController+Controls.m"; sourceTree = "<group>"; };
		8392287E181885440047F7C4 /* DXRDynamicsXRayConfigurationViewController_Internal.h */ = {isa = PBXFileReference; lastKnownFileType = sourcecode.c.h; path = DXRDynamicsXRayConfigurationViewController_Internal.h; sourceTree = "<group>"; };
		83A68DCC182B5B9600F21AC1 /* DXRDynamicsXrayItemSnapshot.h */ = {isa = PBXFileReference; fileEncoding = 4; lastKnownFileType = sourcecode.c.h; path = DXRDynamicsXrayItemSnapshot.h; sourceTree = "<group>"; };
		83A68DCD182B5B9600F21AC1 /* DXRDynamicsXrayItemSnapshot.m */ = {isa = PBXFileReference; fileEncoding = 4; lastKnownFileType = sourcecode.c.objc; path = DXRDynamicsXrayItemSnapshot.m; sourceTree = "<group>"; };
		83A68DD1182B5D6300F21AC1 /* DXRDynamicsXrayItemSnapshot+DXRDrawing.h */ = {isa = PBXFileReference; fileEncoding = 4; lastKnownFileType = sourcecode.c.h; path = "DXRDynamicsXrayItemSnapshot+DXRDrawing.h"; sourceTree = "<group>"; };
		83A68DD2182B5D6300F21AC1 /* DXRDynamicsXrayItemSnapshot+DXRDrawing.m */ = {isa = PBXFileReference; fileEncoding = 4; lastKnownFileType = sourcecode.c.objc; path = "DXRDynamicsXrayItemSnapshot+DXRDrawing.m"; sourceTree = "<group>"; };
		83B61352180BBD4C0006BBA3 /* DXRDynamicsXrayBehaviorGravity.h */ = {isa = PBXFileReference; fileEncoding = 4; lastKnownFileType = sourcecode.c.h; path = DXRDynamicsXrayBehaviorGravity.h; sourceTree = "<group>"; };
		83B61353180BBD4C0006BBA3 /* DXRDynamicsXrayBehaviorGravity.m */ = {isa = PBXFileReference; fileEncoding = 4; lastKnownFileType = sourcecode.c.objc; path = DXRDynamicsXrayBehaviorGravity.m; sourceTree = "<group>"; };
		83B61356180BBDC10006BBA3 /* DXRDynamicsXrayBehaviorGravity+DXRDrawing.h */ = {isa = PBXFileReference; fileEncoding = 4; lastKnownFileType = sourcecode.c.h; path = "DXRDynamicsXrayBehaviorGravity+DXRDrawing.h"; sourceTree = "<group>"; };
		83B61357180BBDC10006BBA3 /* DXRDynamicsXrayBehaviorGravity+DXRDrawing.m */ = {isa = PBXFileReference; fileEncoding = 4; lastKnownFileType = sourcecode.c.objc; path = "DXRDynamicsXrayBehaviorGravity+DXRDrawing.m"; sourceTree = "<group>"; };
		83B6135A180BCC2A0006BBA3 /* DXRDynamicsXrayWindowController.h */ = {isa = PBXFileReference; fileEncoding = 4; lastKnownFileType = sourcecode.c.h; path = DXRDynamicsXrayWindowController.h; sourceTree = "<group>"; };
		83B6135B180BCC2A0006BBA3 /* DXRDynamicsXrayWindowController.m */ = {isa = PBXFileReference; fileEncoding = 4; lastKnownFileType = sourcecode.c.objc; path = DXRDynamicsXrayWindowController.m; sourceTree = "<group>"; };
		83FA2B2517FC290E0022DEAB /* DXRDynamicsXrayBehaviorAttachment+DXRDrawing.h */ = {isa = PBXFileReference; fileEncoding = 4; lastKnownFileType = sourcecode.c.h; path = "DXRDynamicsXrayBehaviorAttachment+DXRDrawing.h"; sourceTree = "<group>"; };
		83FA2B2617FC290E0022DEAB /* DXRDynamicsXrayBehaviorAttachment+DXRDrawing.m */ = {isa = PBXFileReference; fileEncoding = 4; lastKnownFileType = sourcecode.c.objc; path = "DXRDynamicsXrayBehaviorAttachment+DXRDrawing.m"; sourceTree = "<group>"; };
		83FA2B2917FC29A30022DEAB /* DXRDynamicsXrayBehaviorDrawing.h */ = {isa = PBXFileReference; lastKnownFileType = sourcecode.c.h; path = DXRDynamicsXrayBehaviorDrawing.h; sourceTree = "<group>"; };
		83FA2B2B17FC2CD60022DEAB /* DXRDynamicsXrayBehaviorBoundaryCollision+DXRDrawing.h */ = {isa = PBXFileReference; fileEncoding = 4; lastKnownFileType = sourcecode.c.h; path = "DXRDynamicsXrayBehaviorBoundaryCollision+DXRDrawing.h"; sourceTree = "<group>"; };
		83FA2B2C17FC2CD60022DEAB /* DXRDynamicsXrayBehaviorBoundaryCollision+DXRDrawing.m */ = {isa = PBXFileReference; fileEncoding = 4; lastKnownFileType = sourcecode.c.objc; path = "DXRDynamicsXrayBehaviorBoundaryCollision+DXRDrawing.m"; sourceTree = "<group>"; };
/* End PBXFileReference section */

/* Begin PBXFrameworksBuildPhase section */
		83849DB317AE022300D6DD3C /* Frameworks */ = {
			isa = PBXFrameworksBuildPhase;
			buildActionMask = 2147483647;
			files = (
				83849DBA17AE022300D6DD3C /* Foundation.framework in Frameworks */,
			);
			runOnlyForDeploymentPostprocessing = 0;
		};
		83849DC317AE022300D6DD3C /* Frameworks */ = {
			isa = PBXFrameworksBuildPhase;
			buildActionMask = 2147483647;
			files = (
				83849DC817AE022300D6DD3C /* XCTest.framework in Frameworks */,
				83849DCB17AE022300D6DD3C /* UIKit.framework in Frameworks */,
				83849DC917AE022300D6DD3C /* Foundation.framework in Frameworks */,
				83849DCE17AE022300D6DD3C /* libDynamicsXray.a in Frameworks */,
			);
			runOnlyForDeploymentPostprocessing = 0;
		};
/* End PBXFrameworksBuildPhase section */

/* Begin PBXGroup section */
		830AA51E183064B100608E3A /* Xray Window Controller */ = {
			isa = PBXGroup;
			children = (
				830AA5211831B97A00608E3A /* DXRDynamicsXrayWindow.h */,
				830AA5221831B97A00608E3A /* DXRDynamicsXrayWindow.m */,
				83B6135A180BCC2A0006BBA3 /* DXRDynamicsXrayWindowController.h */,
				83B6135B180BCC2A0006BBA3 /* DXRDynamicsXrayWindowController.m */,
			);
			name = "Xray Window Controller";
			sourceTree = "<group>";
		};
		830AA51F183064E500608E3A /* Xray Util */ = {
			isa = PBXGroup;
			children = (
				83849DF317AE242A00D6DD3C /* DXRDynamicsXrayUtil.h */,
				83849DF417AE242A00D6DD3C /* DXRDynamicsXRayUtil.m */,
			);
			name = "Xray Util";
			sourceTree = "<group>";
		};
		8317A749180E8F2A00F4B954 /* Configuration View Controller */ = {
			isa = PBXGroup;
			children = (
				8317A74A180E8F6300F4B954 /* DXRDynamicsXrayConfigurationViewController.h */,
				8317A74B180E8F6300F4B954 /* DXRDynamicsXrayConfigurationViewController.m */,
				8392287E181885440047F7C4 /* DXRDynamicsXRayConfigurationViewController_Internal.h */,
				8392287A181885070047F7C4 /* DXRDynamicsXrayConfigurationViewController+Controls.h */,
				8392287B181885070047F7C4 /* DXRDynamicsXrayConfigurationViewController+Controls.m */,
				8317A752180E95CB00F4B954 /* DXRDynamicsXrayConfigurationViewController+Private.h */,
			);
			name = "Configuration View Controller";
			sourceTree = "<group>";
		};
		8317A756180EA87A00F4B954 /* Xray View Controller */ = {
			isa = PBXGroup;
			children = (
				83849DDF17AE02DB00D6DD3C /* DXRDynamicsXrayView.h */,
				83849DE017AE02DB00D6DD3C /* DXRDynamicsXrayView.m */,
				8317A757180EA89800F4B954 /* DXRDynamicsXrayViewController.h */,
				8317A758180EA89800F4B954 /* DXRDynamicsXrayViewController.m */,
			);
			name = "Xray View Controller";
			sourceTree = "<group>";
		};
		83584D0C17FC201600F09FF1 /* CMObjectIntrospection */ = {
			isa = PBXGroup;
			children = (
				83584D0D17FC201600F09FF1 /* NSObject+CMObjectIntrospection.h */,
				83584D0E17FC201600F09FF1 /* NSObject+CMObjectIntrospection.m */,
			);
			path = CMObjectIntrospection;
			sourceTree = "<group>";
		};
		83849DAD17AE022300D6DD3C = {
			isa = PBXGroup;
			children = (
				83849DE217AE03DB00D6DD3C /* Libraries */,
				83849DBB17AE022300D6DD3C /* DynamicsXRay */,
				83849DCF17AE022300D6DD3C /* DynamicsXRayTests */,
				83849DB817AE022300D6DD3C /* Frameworks */,
				83849DB717AE022300D6DD3C /* Products */,
			);
			sourceTree = "<group>";
			usesTabs = 0;
		};
		83849DB717AE022300D6DD3C /* Products */ = {
			isa = PBXGroup;
			children = (
				83849DB617AE022300D6DD3C /* libDynamicsXray.a */,
				83849DC617AE022300D6DD3C /* DynamicsXrayTests.xctest */,
			);
			name = Products;
			sourceTree = "<group>";
		};
		83849DB817AE022300D6DD3C /* Frameworks */ = {
			isa = PBXGroup;
			children = (
				83849DB917AE022300D6DD3C /* Foundation.framework */,
				83849DC717AE022300D6DD3C /* XCTest.framework */,
				83849DCA17AE022300D6DD3C /* UIKit.framework */,
			);
			name = Frameworks;
			sourceTree = "<group>";
		};
		83849DBB17AE022300D6DD3C /* DynamicsXRay */ = {
			isa = PBXGroup;
			children = (
				83849DBE17AE022300D6DD3C /* DynamicsXray.h */,
				83849DC017AE022300D6DD3C /* DynamicsXray.m */,
				830AA5291831C8C800608E3A /* DynamicsXRay_Internal.h */,
				830AA51F183064E500608E3A /* Xray Util */,
				8317A756180EA87A00F4B954 /* Xray View Controller */,
				830AA51E183064B100608E3A /* Xray Window Controller */,
				8317A749180E8F2A00F4B954 /* Configuration View Controller */,
				83849DEE17AE104200D6DD3C /* Behaviors */,
				83A68DD0182B5B9D00F21AC1 /* Dynamics Item Snapshot */,
				83849DBC17AE022300D6DD3C /* Supporting Files */,
			);
			path = DynamicsXRay;
			sourceTree = "<group>";
		};
		83849DBC17AE022300D6DD3C /* Supporting Files */ = {
			isa = PBXGroup;
			children = (
				83849DBD17AE022300D6DD3C /* DynamicsXRay-Prefix.pch */,
			);
			name = "Supporting Files";
			sourceTree = "<group>";
		};
		83849DCF17AE022300D6DD3C /* DynamicsXRayTests */ = {
			isa = PBXGroup;
			children = (
				83849DD517AE022300D6DD3C /* DynamicsXrayTests.m */,
				83849DD017AE022300D6DD3C /* Supporting Files */,
			);
			path = DynamicsXRayTests;
			sourceTree = "<group>";
		};
		83849DD017AE022300D6DD3C /* Supporting Files */ = {
			isa = PBXGroup;
			children = (
				83849DD117AE022300D6DD3C /* DynamicsXRayTests-Info.plist */,
				83849DD217AE022300D6DD3C /* InfoPlist.strings */,
			);
			name = "Supporting Files";
			sourceTree = "<group>";
		};
		83849DE217AE03DB00D6DD3C /* Libraries */ = {
			isa = PBXGroup;
			children = (
				83584D0C17FC201600F09FF1 /* CMObjectIntrospection */,
			);
			path = Libraries;
			sourceTree = "<group>";
		};
		83849DEE17AE104200D6DD3C /* Behaviors */ = {
			isa = PBXGroup;
			children = (
				83FA2B2417FC28E30022DEAB /* Attachment Behaviors */,
				83FA2B2A17FC2CA50022DEAB /* Boundary Collision Behaviors */,
				83B61351180BBD2E0006BBA3 /* Gravity Behaviors */,
				83849DEA17AE103D00D6DD3C /* DXRDynamicsXrayBehavior.h */,
				83849DEB17AE103D00D6DD3C /* DXRDynamicsXrayBehavior.m */,
				83FA2B2917FC29A30022DEAB /* DXRDynamicsXrayBehaviorDrawing.h */,
			);
			name = Behaviors;
			sourceTree = "<group>";
		};
		83A68DD0182B5B9D00F21AC1 /* Dynamics Item Snapshot */ = {
			isa = PBXGroup;
			children = (
				83A68DCC182B5B9600F21AC1 /* DXRDynamicsXrayItemSnapshot.h */,
				83A68DCD182B5B9600F21AC1 /* DXRDynamicsXrayItemSnapshot.m */,
				83A68DD1182B5D6300F21AC1 /* DXRDynamicsXrayItemSnapshot+DXRDrawing.h */,
				83A68DD2182B5D6300F21AC1 /* DXRDynamicsXrayItemSnapshot+DXRDrawing.m */,
			);
			name = "Dynamics Item Snapshot";
			sourceTree = "<group>";
		};
		83B61351180BBD2E0006BBA3 /* Gravity Behaviors */ = {
			isa = PBXGroup;
			children = (
				83B61352180BBD4C0006BBA3 /* DXRDynamicsXrayBehaviorGravity.h */,
				83B61353180BBD4C0006BBA3 /* DXRDynamicsXrayBehaviorGravity.m */,
				83B61356180BBDC10006BBA3 /* DXRDynamicsXrayBehaviorGravity+DXRDrawing.h */,
				83B61357180BBDC10006BBA3 /* DXRDynamicsXrayBehaviorGravity+DXRDrawing.m */,
			);
			name = "Gravity Behaviors";
			sourceTree = "<group>";
		};
		83FA2B2417FC28E30022DEAB /* Attachment Behaviors */ = {
			isa = PBXGroup;
			children = (
				83849DEF17AE105B00D6DD3C /* DXRDynamicsXrayBehaviorAttachment.h */,
				83849DF017AE105B00D6DD3C /* DXRDynamicsXrayBehaviorAttachment.m */,
				83FA2B2517FC290E0022DEAB /* DXRDynamicsXrayBehaviorAttachment+DXRDrawing.h */,
				83FA2B2617FC290E0022DEAB /* DXRDynamicsXrayBehaviorAttachment+DXRDrawing.m */,
			);
			name = "Attachment Behaviors";
			sourceTree = "<group>";
		};
		83FA2B2A17FC2CA50022DEAB /* Boundary Collision Behaviors */ = {
			isa = PBXGroup;
			children = (
				83437B9217E0010E00518141 /* DXRDynamicsXrayBehaviorBoundaryCollision.h */,
				83437B9317E0010E00518141 /* DXRDynamicsXrayBehaviorBoundaryCollision.m */,
				83FA2B2B17FC2CD60022DEAB /* DXRDynamicsXrayBehaviorBoundaryCollision+DXRDrawing.h */,
				83FA2B2C17FC2CD60022DEAB /* DXRDynamicsXrayBehaviorBoundaryCollision+DXRDrawing.m */,
			);
			name = "Boundary Collision Behaviors";
			sourceTree = "<group>";
		};
/* End PBXGroup section */

/* Begin PBXHeadersBuildPhase section */
		83849DE617AE068B00D6DD3C /* Headers */ = {
			isa = PBXHeadersBuildPhase;
			buildActionMask = 2147483647;
			files = (
				8392287C181885070047F7C4 /* DXRDynamicsXrayConfigurationViewController+Controls.h in Headers */,
				83FA2B2717FC290E0022DEAB /* DXRDynamicsXrayBehaviorAttachment+DXRDrawing.h in Headers */,
				8317A759180EA89800F4B954 /* DXRDynamicsXrayViewController.h in Headers */,
				830AA5231831B97A00608E3A /* DXRDynamicsXrayWindow.h in Headers */,
				8317A754180E95CB00F4B954 /* DXRDynamicsXrayConfigurationViewController+Private.h in Headers */,
				83849DEC17AE103D00D6DD3C /* DXRDynamicsXrayBehavior.h in Headers */,
				83B6135C180BCC2A0006BBA3 /* DXRDynamicsXrayWindowController.h in Headers */,
				8317A74C180E8F6300F4B954 /* DXRDynamicsXrayConfigurationViewController.h in Headers */,
				83849DF117AE105B00D6DD3C /* DXRDynamicsXrayBehaviorAttachment.h in Headers */,
				83584D0F17FC201600F09FF1 /* NSObject+CMObjectIntrospection.h in Headers */,
				83A68DD3182B5D6300F21AC1 /* DXRDynamicsXrayItemSnapshot+DXRDrawing.h in Headers */,
				83849DE717AE069400D6DD3C /* DynamicsXray.h in Headers */,
				83FA2B2D17FC2CD60022DEAB /* DXRDynamicsXrayBehaviorBoundaryCollision+DXRDrawing.h in Headers */,
				83B61354180BBD4C0006BBA3 /* DXRDynamicsXrayBehaviorGravity.h in Headers */,
				83A68DCE182B5B9600F21AC1 /* DXRDynamicsXrayItemSnapshot.h in Headers */,
				83B61358180BBDC10006BBA3 /* DXRDynamicsXrayBehaviorGravity+DXRDrawing.h in Headers */,
				83849DF517AE242A00D6DD3C /* DXRDynamicsXrayUtil.h in Headers */,
				83437B9417E0010E00518141 /* DXRDynamicsXrayBehaviorBoundaryCollision.h in Headers */,
			);
			runOnlyForDeploymentPostprocessing = 0;
		};
/* End PBXHeadersBuildPhase section */

/* Begin PBXNativeTarget section */
		83849DB517AE022300D6DD3C /* DynamicsXray */ = {
			isa = PBXNativeTarget;
			buildConfigurationList = 83849DD917AE022300D6DD3C /* Build configuration list for PBXNativeTarget "DynamicsXray" */;
			buildPhases = (
				83849DB217AE022300D6DD3C /* Sources */,
				83849DB317AE022300D6DD3C /* Frameworks */,
				83849DB417AE022300D6DD3C /* CopyFiles */,
				83849DE617AE068B00D6DD3C /* Headers */,
				83437B8317DEFE0000518141 /* Prepare Framework */,
			);
			buildRules = (
			);
			dependencies = (
			);
			name = DynamicsXray;
			productName = DynamicsXRay;
			productReference = 83849DB617AE022300D6DD3C /* libDynamicsXray.a */;
			productType = "com.apple.product-type.library.static";
		};
		83849DC517AE022300D6DD3C /* DynamicsXrayTests */ = {
			isa = PBXNativeTarget;
			buildConfigurationList = 83849DDC17AE022300D6DD3C /* Build configuration list for PBXNativeTarget "DynamicsXrayTests" */;
			buildPhases = (
				83849DC217AE022300D6DD3C /* Sources */,
				83849DC317AE022300D6DD3C /* Frameworks */,
				83849DC417AE022300D6DD3C /* Resources */,
			);
			buildRules = (
			);
			dependencies = (
				83849DCD17AE022300D6DD3C /* PBXTargetDependency */,
			);
			name = DynamicsXrayTests;
			productName = DynamicsXRayTests;
			productReference = 83849DC617AE022300D6DD3C /* DynamicsXrayTests.xctest */;
			productType = "com.apple.product-type.bundle.unit-test";
		};
/* End PBXNativeTarget section */

/* Begin PBXProject section */
		83849DAE17AE022300D6DD3C /* Project object */ = {
			isa = PBXProject;
			attributes = {
				CLASSPREFIX = DXR;
				LastUpgradeCheck = 0500;
				ORGANIZATIONNAME = "Chris Miles";
			};
			buildConfigurationList = 83849DB117AE022300D6DD3C /* Build configuration list for PBXProject "DynamicsXray" */;
			compatibilityVersion = "Xcode 3.2";
			developmentRegion = English;
			hasScannedForEncodings = 0;
			knownRegions = (
				en,
			);
			mainGroup = 83849DAD17AE022300D6DD3C;
			productRefGroup = 83849DB717AE022300D6DD3C /* Products */;
			projectDirPath = "";
			projectRoot = "";
			targets = (
				83849DB517AE022300D6DD3C /* DynamicsXray */,
				83849DC517AE022300D6DD3C /* DynamicsXrayTests */,
				83437B8417DEFF7100518141 /* Framework */,
			);
		};
/* End PBXProject section */

/* Begin PBXResourcesBuildPhase section */
		83849DC417AE022300D6DD3C /* Resources */ = {
			isa = PBXResourcesBuildPhase;
			buildActionMask = 2147483647;
			files = (
				83849DD417AE022300D6DD3C /* InfoPlist.strings in Resources */,
			);
			runOnlyForDeploymentPostprocessing = 0;
		};
/* End PBXResourcesBuildPhase section */

/* Begin PBXShellScriptBuildPhase section */
		83437B8317DEFE0000518141 /* Prepare Framework */ = {
			isa = PBXShellScriptBuildPhase;
			buildActionMask = 2147483647;
			files = (
			);
			inputPaths = (
			);
			name = "Prepare Framework";
			outputPaths = (
			);
			runOnlyForDeploymentPostprocessing = 0;
			shellPath = /bin/sh;
			shellScript = "mkdir -p \"${BUILT_PRODUCTS_DIR}/${PRODUCT_NAME}.framework/Versions/A/Headers\"\n\n# Link the \"Current\" version to \"A\"\n/bin/ln -sfh A \"${BUILT_PRODUCTS_DIR}/${PRODUCT_NAME}.framework/Versions/Current\"\n/bin/ln -sfh Versions/Current/Headers \"${BUILT_PRODUCTS_DIR}/${PRODUCT_NAME}.framework/Headers\"\n/bin/ln -sfh \"Versions/Current/${PRODUCT_NAME}\" \"${BUILT_PRODUCTS_DIR}/${PRODUCT_NAME}.framework/${PRODUCT_NAME}\"\n\n# The -a ensures that the headers maintain the source modification date so that we don't constantly\n# cause propagating rebuilds of files that import these headers.\n/bin/cp -a \"${TARGET_BUILD_DIR}/${PUBLIC_HEADERS_FOLDER_PATH}/\" \"${BUILT_PRODUCTS_DIR}/${PRODUCT_NAME}.framework/Versions/A/Headers\"\n";
		};
		83437B8A17DEFFD300518141 /* build_framework.sh */ = {
			isa = PBXShellScriptBuildPhase;
			buildActionMask = 2147483647;
			files = (
			);
			inputPaths = (
			);
			name = build_framework.sh;
			outputPaths = (
			);
			runOnlyForDeploymentPostprocessing = 0;
			shellPath = /bin/sh;
			shellScript = "set -e\nset +u\n# Avoid recursively calling this script.\nif [[ $SF_MASTER_SCRIPT_RUNNING ]]\nthen\nexit 0\nfi\nset -u\nexport SF_MASTER_SCRIPT_RUNNING=1\n\nSF_TARGET_NAME=${PROJECT_NAME}\nSF_EXECUTABLE_PATH=\"lib${SF_TARGET_NAME}.a\"\nSF_WRAPPER_NAME=\"${SF_TARGET_NAME}.framework\"\n\n# The following conditionals come from\n# https://github.com/kstenerud/iOS-Universal-Framework\n\nif [[ \"$SDK_NAME\" =~ ([A-Za-z]+) ]]\nthen\nSF_SDK_PLATFORM=${BASH_REMATCH[1]}\nelse\necho \"Could not find platform name from SDK_NAME: $SDK_NAME\"\nexit 1\nfi\n\nif [[ \"$SDK_NAME\" =~ ([0-9]+.*$) ]]\nthen\nSF_SDK_VERSION=${BASH_REMATCH[1]}\nelse\necho \"Could not find sdk version from SDK_NAME: $SDK_NAME\"\nexit 1\nfi\n\nif [[ \"$SF_SDK_PLATFORM\" = \"iphoneos\" ]]\nthen\nSF_OTHER_PLATFORM=iphonesimulator\nelse\nSF_OTHER_PLATFORM=iphoneos\nfi\n\nif [[ \"$BUILT_PRODUCTS_DIR\" =~ (.*)$SF_SDK_PLATFORM$ ]]\nthen\nSF_OTHER_BUILT_PRODUCTS_DIR=\"${BASH_REMATCH[1]}${SF_OTHER_PLATFORM}\"\nelse\necho \"Could not find platform name from build products directory: $BUILT_PRODUCTS_DIR\"\nexit 1\nfi\n\n# Build the other platform.\nxcodebuild -project \"${PROJECT_FILE_PATH}\" -target \"${TARGET_NAME}\" -configuration \"${CONFIGURATION}\" -sdk ${SF_OTHER_PLATFORM}${SF_SDK_VERSION} BUILD_DIR=\"${BUILD_DIR}\" OBJROOT=\"${OBJROOT}\" BUILD_ROOT=\"${BUILD_ROOT}\" SYMROOT=\"${SYMROOT}\" $ACTION\n\n# Smash the two static libraries into one fat binary and store it in the .framework\nlipo -create \"${BUILT_PRODUCTS_DIR}/${SF_EXECUTABLE_PATH}\" \"${SF_OTHER_BUILT_PRODUCTS_DIR}/${SF_EXECUTABLE_PATH}\" -output \"${BUILT_PRODUCTS_DIR}/${SF_WRAPPER_NAME}/Versions/A/${SF_TARGET_NAME}\"\n\n# Copy the binary to the other architecture folder to have a complete framework in both.\ncp -a \"${BUILT_PRODUCTS_DIR}/${SF_WRAPPER_NAME}/Versions/A/${SF_TARGET_NAME}\" \"${SF_OTHER_BUILT_PRODUCTS_DIR}/${SF_WRAPPER_NAME}/Versions/A/${SF_TARGET_NAME}\"\n";
		};
/* End PBXShellScriptBuildPhase section */

/* Begin PBXSourcesBuildPhase section */
		83849DB217AE022300D6DD3C /* Sources */ = {
			isa = PBXSourcesBuildPhase;
			buildActionMask = 2147483647;
			files = (
				8392287D181885070047F7C4 /* DXRDynamicsXrayConfigurationViewController+Controls.m in Sources */,
				83A68DCF182B5B9600F21AC1 /* DXRDynamicsXrayItemSnapshot.m in Sources */,
				83A68DD4182B5D6300F21AC1 /* DXRDynamicsXrayItemSnapshot+DXRDrawing.m in Sources */,
				83B61355180BBD4C0006BBA3 /* DXRDynamicsXrayBehaviorGravity.m in Sources */,
				8317A75A180EA89800F4B954 /* DXRDynamicsXrayViewController.m in Sources */,
				83849DF217AE105B00D6DD3C /* DXRDynamicsXrayBehaviorAttachment.m in Sources */,
				830AA5241831B97A00608E3A /* DXRDynamicsXrayWindow.m in Sources */,
				83FA2B2E17FC2CD60022DEAB /* DXRDynamicsXrayBehaviorBoundaryCollision+DXRDrawing.m in Sources */,
				83849DED17AE103D00D6DD3C /* DXRDynamicsXrayBehavior.m in Sources */,
				83849DC117AE022300D6DD3C /* DynamicsXray.m in Sources */,
				83849DF617AE242A00D6DD3C /* DXRDynamicsXRayUtil.m in Sources */,
				83FA2B2817FC290E0022DEAB /* DXRDynamicsXrayBehaviorAttachment+DXRDrawing.m in Sources */,
				83849DE117AE02DB00D6DD3C /* DXRDynamicsXrayView.m in Sources */,
				83437B9517E0010E00518141 /* DXRDynamicsXrayBehaviorBoundaryCollision.m in Sources */,
				8317A74D180E8F6300F4B954 /* DXRDynamicsXrayConfigurationViewController.m in Sources */,
				83584D1017FC201600F09FF1 /* NSObject+CMObjectIntrospection.m in Sources */,
				83B6135D180BCC2A0006BBA3 /* DXRDynamicsXrayWindowController.m in Sources */,
				83B61359180BBDC10006BBA3 /* DXRDynamicsXrayBehaviorGravity+DXRDrawing.m in Sources */,
			);
			runOnlyForDeploymentPostprocessing = 0;
		};
		83849DC217AE022300D6DD3C /* Sources */ = {
			isa = PBXSourcesBuildPhase;
			buildActionMask = 2147483647;
			files = (
				83849DD617AE022300D6DD3C /* DynamicsXrayTests.m in Sources */,
			);
			runOnlyForDeploymentPostprocessing = 0;
		};
/* End PBXSourcesBuildPhase section */

/* Begin PBXTargetDependency section */
		83437B8917DEFF9400518141 /* PBXTargetDependency */ = {
			isa = PBXTargetDependency;
			target = 83849DB517AE022300D6DD3C /* DynamicsXray */;
			targetProxy = 83437B8817DEFF9400518141 /* PBXContainerItemProxy */;
		};
		83849DCD17AE022300D6DD3C /* PBXTargetDependency */ = {
			isa = PBXTargetDependency;
			target = 83849DB517AE022300D6DD3C /* DynamicsXray */;
			targetProxy = 83849DCC17AE022300D6DD3C /* PBXContainerItemProxy */;
		};
/* End PBXTargetDependency section */

/* Begin PBXVariantGroup section */
		83849DD217AE022300D6DD3C /* InfoPlist.strings */ = {
			isa = PBXVariantGroup;
			children = (
				83849DD317AE022300D6DD3C /* en */,
			);
			name = InfoPlist.strings;
			sourceTree = "<group>";
		};
/* End PBXVariantGroup section */

/* Begin XCBuildConfiguration section */
		83437B8617DEFF7100518141 /* Debug */ = {
			isa = XCBuildConfiguration;
			buildSettings = {
				PRODUCT_NAME = "$(TARGET_NAME)";
			};
			name = Debug;
		};
		83437B8717DEFF7100518141 /* Release */ = {
			isa = XCBuildConfiguration;
			buildSettings = {
				PRODUCT_NAME = "$(TARGET_NAME)";
			};
			name = Release;
		};
		83849DD717AE022300D6DD3C /* Debug */ = {
			isa = XCBuildConfiguration;
			buildSettings = {
				ALWAYS_SEARCH_USER_PATHS = NO;
				ARCHS = "$(ARCHS_STANDARD_INCLUDING_64_BIT)";
				CLANG_CXX_LANGUAGE_STANDARD = "gnu++0x";
				CLANG_CXX_LIBRARY = "libc++";
				CLANG_ENABLE_MODULES = YES;
				CLANG_ENABLE_OBJC_ARC = YES;
				CLANG_WARN_BOOL_CONVERSION = YES;
				CLANG_WARN_CONSTANT_CONVERSION = YES;
				CLANG_WARN_DIRECT_OBJC_ISA_USAGE = YES_ERROR;
				CLANG_WARN_EMPTY_BODY = YES;
				CLANG_WARN_ENUM_CONVERSION = YES;
				CLANG_WARN_INT_CONVERSION = YES;
				CLANG_WARN_OBJC_ROOT_CLASS = YES_ERROR;
				CLANG_WARN__DUPLICATE_METHOD_MATCH = YES;
				COPY_PHASE_STRIP = NO;
				GCC_C_LANGUAGE_STANDARD = gnu99;
				GCC_DYNAMIC_NO_PIC = NO;
				GCC_OPTIMIZATION_LEVEL = 0;
				GCC_PREPROCESSOR_DEFINITIONS = (
					"DEBUG=1",
					"$(inherited)",
				);
				GCC_SYMBOLS_PRIVATE_EXTERN = NO;
				GCC_WARN_ABOUT_RETURN_TYPE = YES_ERROR;
				GCC_WARN_UNDECLARED_SELECTOR = YES;
				GCC_WARN_UNINITIALIZED_AUTOS = YES;
				GCC_WARN_UNUSED_FUNCTION = YES;
				GCC_WARN_UNUSED_VARIABLE = YES;
				IPHONEOS_DEPLOYMENT_TARGET = 7.0;
				ONLY_ACTIVE_ARCH = NO;
				SDKROOT = iphoneos;
			};
			name = Debug;
		};
		83849DD817AE022300D6DD3C /* Release */ = {
			isa = XCBuildConfiguration;
			buildSettings = {
				ALWAYS_SEARCH_USER_PATHS = NO;
				ARCHS = "$(ARCHS_STANDARD_INCLUDING_64_BIT)";
				CLANG_CXX_LANGUAGE_STANDARD = "gnu++0x";
				CLANG_CXX_LIBRARY = "libc++";
				CLANG_ENABLE_MODULES = YES;
				CLANG_ENABLE_OBJC_ARC = YES;
				CLANG_WARN_BOOL_CONVERSION = YES;
				CLANG_WARN_CONSTANT_CONVERSION = YES;
				CLANG_WARN_DIRECT_OBJC_ISA_USAGE = YES_ERROR;
				CLANG_WARN_EMPTY_BODY = YES;
				CLANG_WARN_ENUM_CONVERSION = YES;
				CLANG_WARN_INT_CONVERSION = YES;
				CLANG_WARN_OBJC_ROOT_CLASS = YES_ERROR;
				CLANG_WARN__DUPLICATE_METHOD_MATCH = YES;
				COPY_PHASE_STRIP = NO;
				ENABLE_NS_ASSERTIONS = NO;
				GCC_C_LANGUAGE_STANDARD = gnu99;
				GCC_WARN_ABOUT_RETURN_TYPE = YES_ERROR;
				GCC_WARN_UNDECLARED_SELECTOR = YES;
				GCC_WARN_UNINITIALIZED_AUTOS = YES;
				GCC_WARN_UNUSED_FUNCTION = YES;
				GCC_WARN_UNUSED_VARIABLE = YES;
				IPHONEOS_DEPLOYMENT_TARGET = 7.0;
				SDKROOT = iphoneos;
				VALIDATE_PRODUCT = YES;
			};
			name = Release;
		};
		83849DDA17AE022300D6DD3C /* Debug */ = {
			isa = XCBuildConfiguration;
			buildSettings = {
				DEAD_CODE_STRIPPING = NO;
				DSTROOT = /tmp/DynamicsXRay.dst;
				GCC_PRECOMPILE_PREFIX_HEADER = YES;
				GCC_PREFIX_HEADER = "DynamicsXRay/DynamicsXRay-Prefix.pch";
				OTHER_LDFLAGS = "-ObjC";
				PRODUCT_NAME = "$(TARGET_NAME)";
				PUBLIC_HEADERS_FOLDER_PATH = Headers;
				SKIP_INSTALL = YES;
				STRIP_STYLE = "non-global";
			};
			name = Debug;
		};
		83849DDB17AE022300D6DD3C /* Release */ = {
			isa = XCBuildConfiguration;
			buildSettings = {
				DEAD_CODE_STRIPPING = NO;
				DSTROOT = /tmp/DynamicsXRay.dst;
				GCC_PRECOMPILE_PREFIX_HEADER = YES;
				GCC_PREFIX_HEADER = "DynamicsXRay/DynamicsXRay-Prefix.pch";
				OTHER_LDFLAGS = "-ObjC";
				PRODUCT_NAME = "$(TARGET_NAME)";
				PUBLIC_HEADERS_FOLDER_PATH = Headers;
				SKIP_INSTALL = YES;
				STRIP_STYLE = "non-global";
			};
			name = Release;
		};
		83849DDD17AE022300D6DD3C /* Debug */ = {
			isa = XCBuildConfiguration;
			buildSettings = {
				FRAMEWORK_SEARCH_PATHS = (
					"$(SDKROOT)/Developer/Library/Frameworks",
					"$(inherited)",
					"$(DEVELOPER_FRAMEWORKS_DIR)",
				);
				GCC_PRECOMPILE_PREFIX_HEADER = YES;
				GCC_PREFIX_HEADER = "DynamicsXRay/DynamicsXRay-Prefix.pch";
				GCC_PREPROCESSOR_DEFINITIONS = (
					"DEBUG=1",
					"$(inherited)",
				);
				INFOPLIST_FILE = "DynamicsXRayTests/DynamicsXRayTests-Info.plist";
				PRODUCT_NAME = "$(TARGET_NAME)";
				WRAPPER_EXTENSION = xctest;
			};
			name = Debug;
		};
		83849DDE17AE022300D6DD3C /* Release */ = {
			isa = XCBuildConfiguration;
			buildSettings = {
				FRAMEWORK_SEARCH_PATHS = (
					"$(SDKROOT)/Developer/Library/Frameworks",
					"$(inherited)",
					"$(DEVELOPER_FRAMEWORKS_DIR)",
				);
				GCC_PRECOMPILE_PREFIX_HEADER = YES;
				GCC_PREFIX_HEADER = "DynamicsXRay/DynamicsXRay-Prefix.pch";
				INFOPLIST_FILE = "DynamicsXRayTests/DynamicsXRayTests-Info.plist";
				PRODUCT_NAME = "$(TARGET_NAME)";
				WRAPPER_EXTENSION = xctest;
			};
			name = Release;
		};
/* End XCBuildConfiguration section */

/* Begin XCConfigurationList section */
		83437B8517DEFF7100518141 /* Build configuration list for PBXAggregateTarget "Framework" */ = {
			isa = XCConfigurationList;
			buildConfigurations = (
				83437B8617DEFF7100518141 /* Debug */,
				83437B8717DEFF7100518141 /* Release */,
			);
			defaultConfigurationIsVisible = 0;
			defaultConfigurationName = Release;
		};
		83849DB117AE022300D6DD3C /* Build configuration list for PBXProject "DynamicsXray" */ = {
			isa = XCConfigurationList;
			buildConfigurations = (
				83849DD717AE022300D6DD3C /* Debug */,
				83849DD817AE022300D6DD3C /* Release */,
			);
			defaultConfigurationIsVisible = 0;
			defaultConfigurationName = Release;
		};
		83849DD917AE022300D6DD3C /* Build configuration list for PBXNativeTarget "DynamicsXray" */ = {
			isa = XCConfigurationList;
			buildConfigurations = (
				83849DDA17AE022300D6DD3C /* Debug */,
				83849DDB17AE022300D6DD3C /* Release */,
			);
			defaultConfigurationIsVisible = 0;
			defaultConfigurationName = Release;
		};
		83849DDC17AE022300D6DD3C /* Build configuration list for PBXNativeTarget "DynamicsXrayTests" */ = {
			isa = XCConfigurationList;
			buildConfigurations = (
				83849DDD17AE022300D6DD3C /* Debug */,
				83849DDE17AE022300D6DD3C /* Release */,
			);
			defaultConfigurationIsVisible = 0;
			defaultConfigurationName = Release;
		};
/* End XCConfigurationList section */
	};
	rootObject = 83849DAE17AE022300D6DD3C /* Project object */;
}
