// !$*UTF8*$!
{
	archiveVersion = 1;
	classes = {
	};
	objectVersion = 46;
	objects = {

/* Begin PBXBuildFile section */
		2806C643175BE66C00827B6B /* Foundation.framework in Frameworks */ = {isa = PBXBuildFile; fileRef = 2806C642175BE66C00827B6B /* Foundation.framework */; };
		2806C645175BE66C00827B6B /* CoreGraphics.framework in Frameworks */ = {isa = PBXBuildFile; fileRef = 2806C644175BE66C00827B6B /* CoreGraphics.framework */; };
		2806C647175BE66C00827B6B /* UIKit.framework in Frameworks */ = {isa = PBXBuildFile; fileRef = 2806C646175BE66C00827B6B /* UIKit.framework */; };
		2806C64D175BE66C00827B6B /* InfoPlist.strings in Resources */ = {isa = PBXBuildFile; fileRef = 2806C64B175BE66C00827B6B /* InfoPlist.strings */; };
		2806C656175BE66C00827B6B /* Main.storyboard in Resources */ = {isa = PBXBuildFile; fileRef = 2806C654175BE66C00827B6B /* Main.storyboard */; };
		2806C65B175BE66C00827B6B /* Images.xcassets in Resources */ = {isa = PBXBuildFile; fileRef = 2806C65A175BE66C00827B6B /* Images.xcassets */; };
		830DA09B17FD7E8D00A24B39 /* CMLabelledSwitch.m in Sources */ = {isa = PBXBuildFile; fileRef = 830DA09A17FD7E8D00A24B39 /* CMLabelledSwitch.m */; };
		83849DE917AE06A000D6DD3C /* libDynamicsXRay.a in Frameworks */ = {isa = PBXBuildFile; fileRef = 83849DE817AE06A000D6DD3C /* libDynamicsXRay.a */; };
		83BA61891829D0FC00341483 /* DUCAppDelegate.m in Sources */ = {isa = PBXBuildFile; fileRef = 83BA61691829D0FC00341483 /* DUCAppDelegate.m */; };
		83BA618A1829D0FC00341483 /* main.m in Sources */ = {isa = PBXBuildFile; fileRef = 83BA616A1829D0FC00341483 /* main.m */; };
		83BA618B1829D0FC00341483 /* APLAttachmentsViewController.m in Sources */ = {isa = PBXBuildFile; fileRef = 83BA616D1829D0FC00341483 /* APLAttachmentsViewController.m */; };
		83BA618C1829D0FC00341483 /* APLCollisionGravityViewController.m in Sources */ = {isa = PBXBuildFile; fileRef = 83BA616F1829D0FC00341483 /* APLCollisionGravityViewController.m */; };
		83BA618D1829D0FC00341483 /* APLCollisionsGravitySpringViewController.m in Sources */ = {isa = PBXBuildFile; fileRef = 83BA61711829D0FC00341483 /* APLCollisionsGravitySpringViewController.m */; };
		83BA618E1829D0FC00341483 /* APLContinuousPushViewController.m in Sources */ = {isa = PBXBuildFile; fileRef = 83BA61731829D0FC00341483 /* APLContinuousPushViewController.m */; };
		83BA618F1829D0FC00341483 /* APLGravityViewController.m in Sources */ = {isa = PBXBuildFile; fileRef = 83BA61751829D0FC00341483 /* APLGravityViewController.m */; };
		83BA61901829D0FC00341483 /* APLInstantaneousPushViewController.m in Sources */ = {isa = PBXBuildFile; fileRef = 83BA61771829D0FC00341483 /* APLInstantaneousPushViewController.m */; };
		83BA61911829D0FC00341483 /* APLItemPropertiesViewController.m in Sources */ = {isa = PBXBuildFile; fileRef = 83BA61791829D0FC00341483 /* APLItemPropertiesViewController.m */; };
		83BA61921829D0FC00341483 /* APLSnapViewController.m in Sources */ = {isa = PBXBuildFile; fileRef = 83BA617B1829D0FC00341483 /* APLSnapViewController.m */; };
		83BA61931829D0FC00341483 /* CMSpringyRopeLayer.m in Sources */ = {isa = PBXBuildFile; fileRef = 83BA61801829D0FC00341483 /* CMSpringyRopeLayer.m */; };
		83BA61941829D0FC00341483 /* CMSpringyRopeParticle.m in Sources */ = {isa = PBXBuildFile; fileRef = 83BA61821829D0FC00341483 /* CMSpringyRopeParticle.m */; };
		83BA61951829D0FC00341483 /* CMSpringyRopeSmoothedPath.m in Sources */ = {isa = PBXBuildFile; fileRef = 83BA61841829D0FC00341483 /* CMSpringyRopeSmoothedPath.m */; };
		83BA61961829D0FC00341483 /* CMSpringyRopeView.m in Sources */ = {isa = PBXBuildFile; fileRef = 83BA61861829D0FC00341483 /* CMSpringyRopeView.m */; };
		83BA61971829D0FC00341483 /* CMSpringyRopeViewController.m in Sources */ = {isa = PBXBuildFile; fileRef = 83BA61881829D0FC00341483 /* CMSpringyRopeViewController.m */; };
		83BA619B1829D2BC00341483 /* CMStiffSwingViewController.m in Sources */ = {isa = PBXBuildFile; fileRef = 83BA619A1829D2BC00341483 /* CMStiffSwingViewController.m */; };
		83C4FFBE184348ED00383892 /* TLWobblySpringFlowLayout.m in Sources */ = {isa = PBXBuildFile; fileRef = 83C4FFBB184348ED00383892 /* TLWobblySpringFlowLayout.m */; };
		83C4FFBF184348ED00383892 /* TLWobblySpringViewController.m in Sources */ = {isa = PBXBuildFile; fileRef = 83C4FFBD184348ED00383892 /* TLWobblySpringViewController.m */; };
		83FC942618436026009CABEE /* TLSpringFlowLayout.m in Sources */ = {isa = PBXBuildFile; fileRef = 83FC942218436026009CABEE /* TLSpringFlowLayout.m */; };
		83FC942718436026009CABEE /* TLViewController.m in Sources */ = {isa = PBXBuildFile; fileRef = 83FC942418436026009CABEE /* TLViewController.m */; };
/* End PBXBuildFile section */

/* Begin PBXFileReference section */
		2806C63F175BE66C00827B6B /* DynamicsUberCatalog.app */ = {isa = PBXFileReference; explicitFileType = wrapper.application; includeInIndex = 0; path = DynamicsUberCatalog.app; sourceTree = BUILT_PRODUCTS_DIR; };
		2806C642175BE66C00827B6B /* Foundation.framework */ = {isa = PBXFileReference; lastKnownFileType = wrapper.framework; name = Foundation.framework; path = System/Library/Frameworks/Foundation.framework; sourceTree = SDKROOT; };
		2806C644175BE66C00827B6B /* CoreGraphics.framework */ = {isa = PBXFileReference; lastKnownFileType = wrapper.framework; name = CoreGraphics.framework; path = System/Library/Frameworks/CoreGraphics.framework; sourceTree = SDKROOT; };
		2806C646175BE66C00827B6B /* UIKit.framework */ = {isa = PBXFileReference; lastKnownFileType = wrapper.framework; name = UIKit.framework; path = System/Library/Frameworks/UIKit.framework; sourceTree = SDKROOT; };
		2806C64A175BE66C00827B6B /* DynamicsUberCatalog-Info.plist */ = {isa = PBXFileReference; lastKnownFileType = text.plist.xml; path = "DynamicsUberCatalog-Info.plist"; sourceTree = "<group>"; };
		2806C64C175BE66C00827B6B /* en */ = {isa = PBXFileReference; lastKnownFileType = text.plist.strings; name = en; path = en.lproj/InfoPlist.strings; sourceTree = "<group>"; };
		2806C650175BE66C00827B6B /* DynamicsUberCatalog-Prefix.pch */ = {isa = PBXFileReference; lastKnownFileType = sourcecode.c.h; path = "DynamicsUberCatalog-Prefix.pch"; sourceTree = "<group>"; };
		2806C655175BE66C00827B6B /* Base */ = {isa = PBXFileReference; lastKnownFileType = file.storyboard; name = Base; path = Base.lproj/Main.storyboard; sourceTree = "<group>"; };
		2806C65A175BE66C00827B6B /* Images.xcassets */ = {isa = PBXFileReference; lastKnownFileType = folder.assetcatalog; path = Images.xcassets; sourceTree = "<group>"; };
		830DA09917FD7E8D00A24B39 /* CMLabelledSwitch.h */ = {isa = PBXFileReference; fileEncoding = 4; lastKnownFileType = sourcecode.c.h; path = CMLabelledSwitch.h; sourceTree = "<group>"; };
		830DA09A17FD7E8D00A24B39 /* CMLabelledSwitch.m */ = {isa = PBXFileReference; fileEncoding = 4; lastKnownFileType = sourcecode.c.objc; path = CMLabelledSwitch.m; sourceTree = "<group>"; };
		83849DE817AE06A000D6DD3C /* libDynamicsXRay.a */ = {isa = PBXFileReference; lastKnownFileType = archive.ar; name = libDynamicsXRay.a; path = "../../../../Library/Developer/Xcode/DerivedData/DynamicsXRay-gbmdfpjpsnunjvenkedrhmxwiykt/Build/Products/Debug-iphoneos/libDynamicsXRay.a"; sourceTree = "<group>"; };
		83BA61681829D0FC00341483 /* DUCAppDelegate.h */ = {isa = PBXFileReference; fileEncoding = 4; lastKnownFileType = sourcecode.c.h; path = DUCAppDelegate.h; sourceTree = "<group>"; };
		83BA61691829D0FC00341483 /* DUCAppDelegate.m */ = {isa = PBXFileReference; fileEncoding = 4; lastKnownFileType = sourcecode.c.objc; path = DUCAppDelegate.m; sourceTree = "<group>"; };
		83BA616A1829D0FC00341483 /* main.m */ = {isa = PBXFileReference; fileEncoding = 4; lastKnownFileType = sourcecode.c.objc; path = main.m; sourceTree = "<group>"; };
		83BA616C1829D0FC00341483 /* APLAttachmentsViewController.h */ = {isa = PBXFileReference; fileEncoding = 4; lastKnownFileType = sourcecode.c.h; path = APLAttachmentsViewController.h; sourceTree = "<group>"; };
		83BA616D1829D0FC00341483 /* APLAttachmentsViewController.m */ = {isa = PBXFileReference; fileEncoding = 4; lastKnownFileType = sourcecode.c.objc; path = APLAttachmentsViewController.m; sourceTree = "<group>"; };
		83BA616E1829D0FC00341483 /* APLCollisionGravityViewController.h */ = {isa = PBXFileReference; fileEncoding = 4; lastKnownFileType = sourcecode.c.h; path = APLCollisionGravityViewController.h; sourceTree = "<group>"; };
		83BA616F1829D0FC00341483 /* APLCollisionGravityViewController.m */ = {isa = PBXFileReference; fileEncoding = 4; lastKnownFileType = sourcecode.c.objc; path = APLCollisionGravityViewController.m; sourceTree = "<group>"; };
		83BA61701829D0FC00341483 /* APLCollisionsGravitySpringViewController.h */ = {isa = PBXFileReference; fileEncoding = 4; lastKnownFileType = sourcecode.c.h; path = APLCollisionsGravitySpringViewController.h; sourceTree = "<group>"; };
		83BA61711829D0FC00341483 /* APLCollisionsGravitySpringViewController.m */ = {isa = PBXFileReference; fileEncoding = 4; lastKnownFileType = sourcecode.c.objc; path = APLCollisionsGravitySpringViewController.m; sourceTree = "<group>"; };
		83BA61721829D0FC00341483 /* APLContinuousPushViewController.h */ = {isa = PBXFileReference; fileEncoding = 4; lastKnownFileType = sourcecode.c.h; path = APLContinuousPushViewController.h; sourceTree = "<group>"; };
		83BA61731829D0FC00341483 /* APLContinuousPushViewController.m */ = {isa = PBXFileReference; fileEncoding = 4; lastKnownFileType = sourcecode.c.objc; path = APLContinuousPushViewController.m; sourceTree = "<group>"; };
		83BA61741829D0FC00341483 /* APLGravityViewController.h */ = {isa = PBXFileReference; fileEncoding = 4; lastKnownFileType = sourcecode.c.h; path = APLGravityViewController.h; sourceTree = "<group>"; };
		83BA61751829D0FC00341483 /* APLGravityViewController.m */ = {isa = PBXFileReference; fileEncoding = 4; lastKnownFileType = sourcecode.c.objc; path = APLGravityViewController.m; sourceTree = "<group>"; };
		83BA61761829D0FC00341483 /* APLInstantaneousPushViewController.h */ = {isa = PBXFileReference; fileEncoding = 4; lastKnownFileType = sourcecode.c.h; path = APLInstantaneousPushViewController.h; sourceTree = "<group>"; };
		83BA61771829D0FC00341483 /* APLInstantaneousPushViewController.m */ = {isa = PBXFileReference; fileEncoding = 4; lastKnownFileType = sourcecode.c.objc; path = APLInstantaneousPushViewController.m; sourceTree = "<group>"; };
		83BA61781829D0FC00341483 /* APLItemPropertiesViewController.h */ = {isa = PBXFileReference; fileEncoding = 4; lastKnownFileType = sourcecode.c.h; path = APLItemPropertiesViewController.h; sourceTree = "<group>"; };
		83BA61791829D0FC00341483 /* APLItemPropertiesViewController.m */ = {isa = PBXFileReference; fileEncoding = 4; lastKnownFileType = sourcecode.c.objc; path = APLItemPropertiesViewController.m; sourceTree = "<group>"; };
		83BA617A1829D0FC00341483 /* APLSnapViewController.h */ = {isa = PBXFileReference; fileEncoding = 4; lastKnownFileType = sourcecode.c.h; path = APLSnapViewController.h; sourceTree = "<group>"; };
		83BA617B1829D0FC00341483 /* APLSnapViewController.m */ = {isa = PBXFileReference; fileEncoding = 4; lastKnownFileType = sourcecode.c.objc; path = APLSnapViewController.m; sourceTree = "<group>"; };
		83BA617F1829D0FC00341483 /* CMSpringyRopeLayer.h */ = {isa = PBXFileReference; fileEncoding = 4; lastKnownFileType = sourcecode.c.h; path = CMSpringyRopeLayer.h; sourceTree = "<group>"; };
		83BA61801829D0FC00341483 /* CMSpringyRopeLayer.m */ = {isa = PBXFileReference; fileEncoding = 4; lastKnownFileType = sourcecode.c.objc; path = CMSpringyRopeLayer.m; sourceTree = "<group>"; };
		83BA61811829D0FC00341483 /* CMSpringyRopeParticle.h */ = {isa = PBXFileReference; fileEncoding = 4; lastKnownFileType = sourcecode.c.h; path = CMSpringyRopeParticle.h; sourceTree = "<group>"; };
		83BA61821829D0FC00341483 /* CMSpringyRopeParticle.m */ = {isa = PBXFileReference; fileEncoding = 4; lastKnownFileType = sourcecode.c.objc; path = CMSpringyRopeParticle.m; sourceTree = "<group>"; };
		83BA61831829D0FC00341483 /* CMSpringyRopeSmoothedPath.h */ = {isa = PBXFileReference; fileEncoding = 4; lastKnownFileType = sourcecode.c.h; path = CMSpringyRopeSmoothedPath.h; sourceTree = "<group>"; };
		83BA61841829D0FC00341483 /* CMSpringyRopeSmoothedPath.m */ = {isa = PBXFileReference; fileEncoding = 4; lastKnownFileType = sourcecode.c.objc; path = CMSpringyRopeSmoothedPath.m; sourceTree = "<group>"; };
		83BA61851829D0FC00341483 /* CMSpringyRopeView.h */ = {isa = PBXFileReference; fileEncoding = 4; lastKnownFileType = sourcecode.c.h; path = CMSpringyRopeView.h; sourceTree = "<group>"; };
		83BA61861829D0FC00341483 /* CMSpringyRopeView.m */ = {isa = PBXFileReference; fileEncoding = 4; lastKnownFileType = sourcecode.c.objc; path = CMSpringyRopeView.m; sourceTree = "<group>"; };
		83BA61871829D0FC00341483 /* CMSpringyRopeViewController.h */ = {isa = PBXFileReference; fileEncoding = 4; lastKnownFileType = sourcecode.c.h; path = CMSpringyRopeViewController.h; sourceTree = "<group>"; };
		83BA61881829D0FC00341483 /* CMSpringyRopeViewController.m */ = {isa = PBXFileReference; fileEncoding = 4; lastKnownFileType = sourcecode.c.objc; path = CMSpringyRopeViewController.m; sourceTree = "<group>"; };
		83BA61991829D2BC00341483 /* CMStiffSwingViewController.h */ = {isa = PBXFileReference; fileEncoding = 4; lastKnownFileType = sourcecode.c.h; path = CMStiffSwingViewController.h; sourceTree = "<group>"; };
		83BA619A1829D2BC00341483 /* CMStiffSwingViewController.m */ = {isa = PBXFileReference; fileEncoding = 4; lastKnownFileType = sourcecode.c.objc; path = CMStiffSwingViewController.m; sourceTree = "<group>"; };
		83C4FFBA184348ED00383892 /* TLWobblySpringFlowLayout.h */ = {isa = PBXFileReference; fileEncoding = 4; lastKnownFileType = sourcecode.c.h; path = TLWobblySpringFlowLayout.h; sourceTree = "<group>"; };
		83C4FFBB184348ED00383892 /* TLWobblySpringFlowLayout.m */ = {isa = PBXFileReference; fileEncoding = 4; lastKnownFileType = sourcecode.c.objc; path = TLWobblySpringFlowLayout.m; sourceTree = "<group>"; };
		83C4FFBC184348ED00383892 /* TLWobblySpringViewController.h */ = {isa = PBXFileReference; fileEncoding = 4; lastKnownFileType = sourcecode.c.h; path = TLWobblySpringViewController.h; sourceTree = "<group>"; };
		83C4FFBD184348ED00383892 /* TLWobblySpringViewController.m */ = {isa = PBXFileReference; fileEncoding = 4; lastKnownFileType = sourcecode.c.objc; path = TLWobblySpringViewController.m; sourceTree = "<group>"; };
		83FC942118436026009CABEE /* TLSpringFlowLayout.h */ = {isa = PBXFileReference; fileEncoding = 4; lastKnownFileType = sourcecode.c.h; path = TLSpringFlowLayout.h; sourceTree = "<group>"; };
		83FC942218436026009CABEE /* TLSpringFlowLayout.m */ = {isa = PBXFileReference; fileEncoding = 4; lastKnownFileType = sourcecode.c.objc; path = TLSpringFlowLayout.m; sourceTree = "<group>"; };
		83FC942318436026009CABEE /* TLViewController.h */ = {isa = PBXFileReference; fileEncoding = 4; lastKnownFileType = sourcecode.c.h; path = TLViewController.h; sourceTree = "<group>"; };
		83FC942418436026009CABEE /* TLViewController.m */ = {isa = PBXFileReference; fileEncoding = 4; lastKnownFileType = sourcecode.c.objc; path = TLViewController.m; sourceTree = "<group>"; };
/* End PBXFileReference section */

/* Begin PBXFrameworksBuildPhase section */
		2806C63C175BE66C00827B6B /* Frameworks */ = {
			isa = PBXFrameworksBuildPhase;
			buildActionMask = 2147483647;
			files = (
				83849DE917AE06A000D6DD3C /* libDynamicsXRay.a in Frameworks */,
				2806C645175BE66C00827B6B /* CoreGraphics.framework in Frameworks */,
				2806C647175BE66C00827B6B /* UIKit.framework in Frameworks */,
				2806C643175BE66C00827B6B /* Foundation.framework in Frameworks */,
			);
			runOnlyForDeploymentPostprocessing = 0;
		};
/* End PBXFrameworksBuildPhase section */

/* Begin PBXGroup section */
		2806C636175BE66C00827B6B = {
			isa = PBXGroup;
			children = (
				2806C648175BE66C00827B6B /* DynamicsUberCatalog */,
				830DA09717FD7E6400A24B39 /* Libraries */,
				2806C641175BE66C00827B6B /* Frameworks */,
				2806C640175BE66C00827B6B /* Products */,
			);
			indentWidth = 4;
			sourceTree = "<group>";
			tabWidth = 8;
			usesTabs = 0;
		};
		2806C640175BE66C00827B6B /* Products */ = {
			isa = PBXGroup;
			children = (
				2806C63F175BE66C00827B6B /* DynamicsUberCatalog.app */,
			);
			name = Products;
			sourceTree = "<group>";
		};
		2806C641175BE66C00827B6B /* Frameworks */ = {
			isa = PBXGroup;
			children = (
				83849DE817AE06A000D6DD3C /* libDynamicsXRay.a */,
				2806C642175BE66C00827B6B /* Foundation.framework */,
				2806C644175BE66C00827B6B /* CoreGraphics.framework */,
				2806C646175BE66C00827B6B /* UIKit.framework */,
			);
			name = Frameworks;
			sourceTree = "<group>";
		};
		2806C648175BE66C00827B6B /* DynamicsUberCatalog */ = {
			isa = PBXGroup;
			children = (
				2806C65A175BE66C00827B6B /* Images.xcassets */,
				2806C654175BE66C00827B6B /* Main.storyboard */,
				83BA61661829D0FC00341483 /* Source */,
				2806C649175BE66C00827B6B /* Supporting Files */,
			);
			path = DynamicsUberCatalog;
			sourceTree = "<group>";
		};
		2806C649175BE66C00827B6B /* Supporting Files */ = {
			isa = PBXGroup;
			children = (
				2806C64A175BE66C00827B6B /* DynamicsUberCatalog-Info.plist */,
				2806C64B175BE66C00827B6B /* InfoPlist.strings */,
				2806C650175BE66C00827B6B /* DynamicsUberCatalog-Prefix.pch */,
			);
			name = "Supporting Files";
			sourceTree = "<group>";
		};
		830DA09717FD7E6400A24B39 /* Libraries */ = {
			isa = PBXGroup;
			children = (
				830DA09817FD7E6400A24B39 /* CMLabelledSwitch */,
			);
			path = Libraries;
			sourceTree = "<group>";
		};
		830DA09817FD7E6400A24B39 /* CMLabelledSwitch */ = {
			isa = PBXGroup;
			children = (
				830DA09917FD7E8D00A24B39 /* CMLabelledSwitch.h */,
				830DA09A17FD7E8D00A24B39 /* CMLabelledSwitch.m */,
			);
			path = CMLabelledSwitch;
			sourceTree = "<group>";
		};
		83BA61661829D0FC00341483 /* Source */ = {
			isa = PBXGroup;
			children = (
				83BA61671829D0FC00341483 /* App */,
				83BA616B1829D0FC00341483 /* Apple Demos */,
				83BA617C1829D0FC00341483 /* Chris Miles Demos */,
				83BA617D1829D0FC00341483 /* CMTraerPhysics Demos */,
				83C5149E1841F3C500469029 /* Other Demos */,
			);
			path = Source;
			sourceTree = "<group>";
		};
		83BA61671829D0FC00341483 /* App */ = {
			isa = PBXGroup;
			children = (
				83BA61681829D0FC00341483 /* DUCAppDelegate.h */,
				83BA61691829D0FC00341483 /* DUCAppDelegate.m */,
				83BA616A1829D0FC00341483 /* main.m */,
			);
			path = App;
			sourceTree = "<group>";
		};
		83BA616B1829D0FC00341483 /* Apple Demos */ = {
			isa = PBXGroup;
			children = (
				83BA616C1829D0FC00341483 /* APLAttachmentsViewController.h */,
				83BA616D1829D0FC00341483 /* APLAttachmentsViewController.m */,
				83BA616E1829D0FC00341483 /* APLCollisionGravityViewController.h */,
				83BA616F1829D0FC00341483 /* APLCollisionGravityViewController.m */,
				83BA61701829D0FC00341483 /* APLCollisionsGravitySpringViewController.h */,
				83BA61711829D0FC00341483 /* APLCollisionsGravitySpringViewController.m */,
				83BA61721829D0FC00341483 /* APLContinuousPushViewController.h */,
				83BA61731829D0FC00341483 /* APLContinuousPushViewController.m */,
				83BA61741829D0FC00341483 /* APLGravityViewController.h */,
				83BA61751829D0FC00341483 /* APLGravityViewController.m */,
				83BA61761829D0FC00341483 /* APLInstantaneousPushViewController.h */,
				83BA61771829D0FC00341483 /* APLInstantaneousPushViewController.m */,
				83BA61781829D0FC00341483 /* APLItemPropertiesViewController.h */,
				83BA61791829D0FC00341483 /* APLItemPropertiesViewController.m */,
				83BA617A1829D0FC00341483 /* APLSnapViewController.h */,
				83BA617B1829D0FC00341483 /* APLSnapViewController.m */,
			);
			path = "Apple Demos";
			sourceTree = "<group>";
		};
		83BA617C1829D0FC00341483 /* Chris Miles Demos */ = {
			isa = PBXGroup;
			children = (
				83BA61981829D29D00341483 /* Stiff Swing */,
			);
			path = "Chris Miles Demos";
			sourceTree = "<group>";
		};
		83BA617D1829D0FC00341483 /* CMTraerPhysics Demos */ = {
			isa = PBXGroup;
			children = (
				83BA617E1829D0FC00341483 /* Springy Rope */,
			);
			path = "CMTraerPhysics Demos";
			sourceTree = "<group>";
		};
		83BA617E1829D0FC00341483 /* Springy Rope */ = {
			isa = PBXGroup;
			children = (
				83BA617F1829D0FC00341483 /* CMSpringyRopeLayer.h */,
				83BA61801829D0FC00341483 /* CMSpringyRopeLayer.m */,
				83BA61811829D0FC00341483 /* CMSpringyRopeParticle.h */,
				83BA61821829D0FC00341483 /* CMSpringyRopeParticle.m */,
				83BA61831829D0FC00341483 /* CMSpringyRopeSmoothedPath.h */,
				83BA61841829D0FC00341483 /* CMSpringyRopeSmoothedPath.m */,
				83BA61851829D0FC00341483 /* CMSpringyRopeView.h */,
				83BA61861829D0FC00341483 /* CMSpringyRopeView.m */,
				83BA61871829D0FC00341483 /* CMSpringyRopeViewController.h */,
				83BA61881829D0FC00341483 /* CMSpringyRopeViewController.m */,
			);
			path = "Springy Rope";
			sourceTree = "<group>";
		};
		83BA61981829D29D00341483 /* Stiff Swing */ = {
			isa = PBXGroup;
			children = (
				83BA61991829D2BC00341483 /* CMStiffSwingViewController.h */,
				83BA619A1829D2BC00341483 /* CMStiffSwingViewController.m */,
			);
			path = "Stiff Swing";
			sourceTree = "<group>";
		};
		83C4FFB9184348ED00383892 /* UICollectionView Wobbly Spring Demo */ = {
			isa = PBXGroup;
			children = (
				83C4FFBA184348ED00383892 /* TLWobblySpringFlowLayout.h */,
				83C4FFBB184348ED00383892 /* TLWobblySpringFlowLayout.m */,
				83C4FFBC184348ED00383892 /* TLWobblySpringViewController.h */,
				83C4FFBD184348ED00383892 /* TLWobblySpringViewController.m */,
			);
			path = "UICollectionView Wobbly Spring Demo";
			sourceTree = "<group>";
		};
		83C5149E1841F3C500469029 /* Other Demos */ = {
			isa = PBXGroup;
			children = (
				83FC941F18436026009CABEE /* UICollectionView-Spring-Demo */,
				83C4FFB9184348ED00383892 /* UICollectionView Wobbly Spring Demo */,
			);
			path = "Other Demos";
			sourceTree = "<group>";
		};
		83FC941F18436026009CABEE /* UICollectionView-Spring-Demo */ = {
			isa = PBXGroup;
			children = (
				83FC942118436026009CABEE /* TLSpringFlowLayout.h */,
				83FC942218436026009CABEE /* TLSpringFlowLayout.m */,
				83FC942318436026009CABEE /* TLViewController.h */,
				83FC942418436026009CABEE /* TLViewController.m */,
			);
			path = "UICollectionView-Spring-Demo";
			sourceTree = "<group>";
		};
/* End PBXGroup section */

/* Begin PBXNativeTarget section */
		2806C63E175BE66C00827B6B /* DynamicsUberCatalog */ = {
			isa = PBXNativeTarget;
			buildConfigurationList = 2806C671175BE66C00827B6B /* Build configuration list for PBXNativeTarget "DynamicsUberCatalog" */;
			buildPhases = (
				2806C63B175BE66C00827B6B /* Sources */,
				2806C63C175BE66C00827B6B /* Frameworks */,
				2806C63D175BE66C00827B6B /* Resources */,
			);
			buildRules = (
			);
			dependencies = (
			);
			name = DynamicsUberCatalog;
			productName = DynamicsCatalog;
			productReference = 2806C63F175BE66C00827B6B /* DynamicsUberCatalog.app */;
			productType = "com.apple.product-type.application";
		};
/* End PBXNativeTarget section */

/* Begin PBXProject section */
		2806C637175BE66C00827B6B /* Project object */ = {
			isa = PBXProject;
			attributes = {
				CLASSPREFIX = CM;
				LastUpgradeCheck = 0500;
				ORGANIZATIONNAME = "Chris Miles";
			};
			buildConfigurationList = 2806C63A175BE66C00827B6B /* Build configuration list for PBXProject "DynamicsUberCatalog" */;
			compatibilityVersion = "Xcode 3.2";
			developmentRegion = English;
			hasScannedForEncodings = 0;
			knownRegions = (
				en,
				Base,
			);
			mainGroup = 2806C636175BE66C00827B6B;
			productRefGroup = 2806C640175BE66C00827B6B /* Products */;
			projectDirPath = "";
			projectRoot = "";
			targets = (
				2806C63E175BE66C00827B6B /* DynamicsUberCatalog */,
			);
		};
/* End PBXProject section */

/* Begin PBXResourcesBuildPhase section */
		2806C63D175BE66C00827B6B /* Resources */ = {
			isa = PBXResourcesBuildPhase;
			buildActionMask = 2147483647;
			files = (
				2806C65B175BE66C00827B6B /* Images.xcassets in Resources */,
				2806C64D175BE66C00827B6B /* InfoPlist.strings in Resources */,
				2806C656175BE66C00827B6B /* Main.storyboard in Resources */,
			);
			runOnlyForDeploymentPostprocessing = 0;
		};
/* End PBXResourcesBuildPhase section */

/* Begin PBXSourcesBuildPhase section */
		2806C63B175BE66C00827B6B /* Sources */ = {
			isa = PBXSourcesBuildPhase;
			buildActionMask = 2147483647;
			files = (
				83BA618D1829D0FC00341483 /* APLCollisionsGravitySpringViewController.m in Sources */,
				83BA61931829D0FC00341483 /* CMSpringyRopeLayer.m in Sources */,
				83BA61951829D0FC00341483 /* CMSpringyRopeSmoothedPath.m in Sources */,
				83BA61921829D0FC00341483 /* APLSnapViewController.m in Sources */,
				83BA61911829D0FC00341483 /* APLItemPropertiesViewController.m in Sources */,
				83BA61971829D0FC00341483 /* CMSpringyRopeViewController.m in Sources */,
				83FC942718436026009CABEE /* TLViewController.m in Sources */,
				83C4FFBF184348ED00383892 /* TLWobblySpringViewController.m in Sources */,
				83BA618B1829D0FC00341483 /* APLAttachmentsViewController.m in Sources */,
				83FC942618436026009CABEE /* TLSpringFlowLayout.m in Sources */,
				830DA09B17FD7E8D00A24B39 /* CMLabelledSwitch.m in Sources */,
				83C4FFBE184348ED00383892 /* TLWobblySpringFlowLayout.m in Sources */,
				83BA618F1829D0FC00341483 /* APLGravityViewController.m in Sources */,
				83BA618C1829D0FC00341483 /* APLCollisionGravityViewController.m in Sources */,
				83BA61961829D0FC00341483 /* CMSpringyRopeView.m in Sources */,
				83BA619B1829D2BC00341483 /* CMStiffSwingViewController.m in Sources */,
				83BA61901829D0FC00341483 /* APLInstantaneousPushViewController.m in Sources */,
				83BA61891829D0FC00341483 /* DUCAppDelegate.m in Sources */,
				83BA61941829D0FC00341483 /* CMSpringyRopeParticle.m in Sources */,
				83BA618E1829D0FC00341483 /* APLContinuousPushViewController.m in Sources */,
				83BA618A1829D0FC00341483 /* main.m in Sources */,
			);
			runOnlyForDeploymentPostprocessing = 0;
		};
/* End PBXSourcesBuildPhase section */

/* Begin PBXVariantGroup section */
		2806C64B175BE66C00827B6B /* InfoPlist.strings */ = {
			isa = PBXVariantGroup;
			children = (
				2806C64C175BE66C00827B6B /* en */,
			);
			name = InfoPlist.strings;
			sourceTree = "<group>";
		};
		2806C654175BE66C00827B6B /* Main.storyboard */ = {
			isa = PBXVariantGroup;
			children = (
				2806C655175BE66C00827B6B /* Base */,
			);
			name = Main.storyboard;
			sourceTree = "<group>";
		};
/* End PBXVariantGroup section */

/* Begin XCBuildConfiguration section */
		2806C66F175BE66C00827B6B /* Debug */ = {
			isa = XCBuildConfiguration;
			buildSettings = {
				ALWAYS_SEARCH_USER_PATHS = NO;
				CLANG_CXX_LANGUAGE_STANDARD = "gnu++0x";
				CLANG_CXX_LIBRARY = "libc++";
				CLANG_ENABLE_MODULES = YES;
				CLANG_ENABLE_OBJC_ARC = YES;
				CLANG_WARN_BOOL_CONVERSION = YES;
				CLANG_WARN_CONSTANT_CONVERSION = YES;
				CLANG_WARN_DIRECT_OBJC_ISA_USAGE = YES_ERROR;
				CLANG_WARN_EMPTY_BODY = YES;
				CLANG_WARN_ENUM_CONVERSION = YES;
				CLANG_WARN_INT_CONVERSION = YES;
				CLANG_WARN_OBJC_ROOT_CLASS = YES_ERROR;
				CLANG_WARN__DUPLICATE_METHOD_MATCH = YES;
				"CODE_SIGN_IDENTITY[sdk=iphoneos*]" = "iPhone Developer";
				COPY_PHASE_STRIP = NO;
				GCC_C_LANGUAGE_STANDARD = gnu99;
				GCC_DYNAMIC_NO_PIC = NO;
				GCC_OPTIMIZATION_LEVEL = 0;
				GCC_PREPROCESSOR_DEFINITIONS = (
					"DEBUG=1",
					"$(inherited)",
				);
				GCC_SYMBOLS_PRIVATE_EXTERN = NO;
				GCC_WARN_ABOUT_RETURN_TYPE = YES_ERROR;
				GCC_WARN_UNDECLARED_SELECTOR = YES;
				GCC_WARN_UNINITIALIZED_AUTOS = YES;
				GCC_WARN_UNUSED_FUNCTION = YES;
				GCC_WARN_UNUSED_VARIABLE = YES;
				IPHONEOS_DEPLOYMENT_TARGET = 7.0;
				ONLY_ACTIVE_ARCH = YES;
				OTHER_CFLAGS = "";
				SDKROOT = iphoneos;
				WARNING_CFLAGS = (
					"-Wextra",
					"-Wall",
				);
			};
			name = Debug;
		};
		2806C670175BE66C00827B6B /* Release */ = {
			isa = XCBuildConfiguration;
			buildSettings = {
				ALWAYS_SEARCH_USER_PATHS = NO;
				CLANG_CXX_LANGUAGE_STANDARD = "gnu++0x";
				CLANG_CXX_LIBRARY = "libc++";
				CLANG_ENABLE_MODULES = YES;
				CLANG_ENABLE_OBJC_ARC = YES;
				CLANG_WARN_BOOL_CONVERSION = YES;
				CLANG_WARN_CONSTANT_CONVERSION = YES;
				CLANG_WARN_DIRECT_OBJC_ISA_USAGE = YES_ERROR;
				CLANG_WARN_EMPTY_BODY = YES;
				CLANG_WARN_ENUM_CONVERSION = YES;
				CLANG_WARN_INT_CONVERSION = YES;
				CLANG_WARN_OBJC_ROOT_CLASS = YES_ERROR;
				CLANG_WARN__DUPLICATE_METHOD_MATCH = YES;
				"CODE_SIGN_IDENTITY[sdk=iphoneos*]" = "iPhone Developer";
				COPY_PHASE_STRIP = YES;
				ENABLE_NS_ASSERTIONS = NO;
				GCC_C_LANGUAGE_STANDARD = gnu99;
				GCC_WARN_ABOUT_RETURN_TYPE = YES_ERROR;
				GCC_WARN_UNDECLARED_SELECTOR = YES;
				GCC_WARN_UNINITIALIZED_AUTOS = YES;
				GCC_WARN_UNUSED_FUNCTION = YES;
				GCC_WARN_UNUSED_VARIABLE = YES;
				IPHONEOS_DEPLOYMENT_TARGET = 7.0;
				OTHER_CFLAGS = "";
				SDKROOT = iphoneos;
				VALIDATE_PRODUCT = YES;
				WARNING_CFLAGS = (
					"-Wextra",
					"-Wall",
				);
			};
			name = Release;
		};
		2806C672175BE66C00827B6B /* Debug */ = {
			isa = XCBuildConfiguration;
			buildSettings = {
				ASSETCATALOG_COMPILER_APPICON_NAME = AppIcon;
				ASSETCATALOG_COMPILER_LAUNCHIMAGE_NAME = LaunchImage;
				GCC_PRECOMPILE_PREFIX_HEADER = YES;
				GCC_PREFIX_HEADER = "DynamicsUberCatalog/DynamicsUberCatalog-Prefix.pch";
				INFOPLIST_FILE = "DynamicsUberCatalog/DynamicsUberCatalog-Info.plist";
				IPHONEOS_DEPLOYMENT_TARGET = 7.0;
				LIBRARY_SEARCH_PATHS = (
					"$(inherited)",
					"$(USER_LIBRARY_DIR)/Developer/Xcode/DerivedData/DynamicsXRay-gbmdfpjpsnunjvenkedrhmxwiykt/Build/Products/Debug-iphoneos",
				);
				OTHER_LDFLAGS = "-ObjC";
				PRODUCT_NAME = DynamicsUberCatalog;
				TARGETED_DEVICE_FAMILY = "1,2";
				WRAPPER_EXTENSION = app;
			};
			name = Debug;
		};
		2806C673175BE66C00827B6B /* Release */ = {
			isa = XCBuildConfiguration;
			buildSettings = {
				ASSETCATALOG_COMPILER_APPICON_NAME = AppIcon;
				ASSETCATALOG_COMPILER_LAUNCHIMAGE_NAME = LaunchImage;
				GCC_PRECOMPILE_PREFIX_HEADER = YES;
				GCC_PREFIX_HEADER = "DynamicsUberCatalog/DynamicsUberCatalog-Prefix.pch";
				INFOPLIST_FILE = "DynamicsUberCatalog/DynamicsUberCatalog-Info.plist";
				IPHONEOS_DEPLOYMENT_TARGET = 7.0;
				LIBRARY_SEARCH_PATHS = (
					"$(inherited)",
					"$(USER_LIBRARY_DIR)/Developer/Xcode/DerivedData/DynamicsXRay-gbmdfpjpsnunjvenkedrhmxwiykt/Build/Products/Debug-iphoneos",
				);
				OTHER_LDFLAGS = "-ObjC";
				PRODUCT_NAME = DynamicsUberCatalog;
				TARGETED_DEVICE_FAMILY = "1,2";
				WRAPPER_EXTENSION = app;
			};
			name = Release;
		};
/* End XCBuildConfiguration section */

/* Begin XCConfigurationList section */
		2806C63A175BE66C00827B6B /* Build configuration list for PBXProject "DynamicsUberCatalog" */ = {
			isa = XCConfigurationList;
			buildConfigurations = (
				2806C66F175BE66C00827B6B /* Debug */,
				2806C670175BE66C00827B6B /* Release */,
			);
			defaultConfigurationIsVisible = 0;
			defaultConfigurationName = Release;
		};
		2806C671175BE66C00827B6B /* Build configuration list for PBXNativeTarget "DynamicsUberCatalog" */ = {
			isa = XCConfigurationList;
			buildConfigurations = (
				2806C672175BE66C00827B6B /* Debug */,
				2806C673175BE66C00827B6B /* Release */,
			);
			defaultConfigurationIsVisible = 0;
			defaultConfigurationName = Release;
		};
/* End XCConfigurationList section */
	};
	rootObject = 2806C637175BE66C00827B6B /* Project object */;
}
